// !$*UTF8*$!
{
	archiveVersion = 1;
	classes = {
	};
	objectVersion = 56;
	objects = {

/* Begin PBXBuildFile section */
		1232B3B02CD1D3DE00C48414 /* BlueBerrySmoothieApp.swift in Sources */ = {isa = PBXBuildFile; fileRef = 1232B3AF2CD1D3DE00C48414 /* BlueBerrySmoothieApp.swift */; };
		1232B3B22CD1D3DE00C48414 /* ContentView.swift in Sources */ = {isa = PBXBuildFile; fileRef = 1232B3B12CD1D3DE00C48414 /* ContentView.swift */; };
		1232B3B42CD1D3DF00C48414 /* Assets.xcassets in Resources */ = {isa = PBXBuildFile; fileRef = 1232B3B32CD1D3DF00C48414 /* Assets.xcassets */; };
		1232B3B72CD1D3DF00C48414 /* Preview Assets.xcassets in Resources */ = {isa = PBXBuildFile; fileRef = 1232B3B62CD1D3DF00C48414 /* Preview Assets.xcassets */; };
		1232B3DB2CD1D40500C48414 /* BusDecoderModel.swift in Sources */ = {isa = PBXBuildFile; fileRef = 1232B3DA2CD1D40500C48414 /* BusDecoderModel.swift */; };
		1232B3DE2CD1D41600C48414 /* SelectCityView.swift in Sources */ = {isa = PBXBuildFile; fileRef = 1232B3DD2CD1D41600C48414 /* SelectCityView.swift */; };
		1232B3E12CD1D46500C48414 /* DummyHelper.swift in Sources */ = {isa = PBXBuildFile; fileRef = 1232B3E02CD1D46500C48414 /* DummyHelper.swift */; };
		1232B3E42CD1D48600C48414 /* FetchBusAPI.swift in Sources */ = {isa = PBXBuildFile; fileRef = 1232B3E32CD1D48600C48414 /* FetchBusAPI.swift */; };
		1232B3E72CD1D4A300C48414 /* DummyManager.swift in Sources */ = {isa = PBXBuildFile; fileRef = 1232B3E62CD1D4A300C48414 /* DummyManager.swift */; };
		12D2B6C12CD3533E005CF771 /* DummyComponent.swift in Sources */ = {isa = PBXBuildFile; fileRef = 12D2B6C02CD3533E005CF771 /* DummyComponent.swift */; };
		12D2B6C62CD36E70005CF771 /* SelectBusStopView.swift in Sources */ = {isa = PBXBuildFile; fileRef = 12D2B6C52CD36E70005CF771 /* SelectBusStopView.swift */; };
		12D2B6C82CD36E94005CF771 /* BusStopModel.swift in Sources */ = {isa = PBXBuildFile; fileRef = 12D2B6C72CD36E94005CF771 /* BusStopModel.swift */; };
		12D2B6CA2CD36ED8005CF771 /* BusStopDecoderModel.swift in Sources */ = {isa = PBXBuildFile; fileRef = 12D2B6C92CD36ED8005CF771 /* BusStopDecoderModel.swift */; };
		12D2B6CC2CD3706F005CF771 /* fetchBusStopAPI.swift in Sources */ = {isa = PBXBuildFile; fileRef = 12D2B6CB2CD3706F005CF771 /* fetchBusStopAPI.swift */; };
		12D2B6CF2CD3ABAF005CF771 /* BusStopViewModel.swift in Sources */ = {isa = PBXBuildFile; fileRef = 12D2B6CE2CD3ABAF005CF771 /* BusStopViewModel.swift */; };
		12D2B6D12CD3B104005CF771 /* NetworkHelper.swift in Sources */ = {isa = PBXBuildFile; fileRef = 12D2B6D02CD3B104005CF771 /* NetworkHelper.swift */; };
		12D2B6D42CD3F5BE005CF771 /* getAPIKey.swift in Sources */ = {isa = PBXBuildFile; fileRef = 12D2B6D32CD3F5BD005CF771 /* getAPIKey.swift */; };
		12D2B6D82CD63D6A005CF771 /* AlertModel.swift in Sources */ = {isa = PBXBuildFile; fileRef = 12D2B6D72CD63D6A005CF771 /* AlertModel.swift */; };
		9DEA523F2CD362CA00A3AE68 /* SelectBusView.swift in Sources */ = {isa = PBXBuildFile; fileRef = 9DEA523E2CD362C100A3AE68 /* SelectBusView.swift */; };
		9DEA52412CD3630200A3AE68 /* CityDecoderModel.swift in Sources */ = {isa = PBXBuildFile; fileRef = 9DEA52402CD362FC00A3AE68 /* CityDecoderModel.swift */; };
		9DEA52432CD3637C00A3AE68 /* BusModel.swift in Sources */ = {isa = PBXBuildFile; fileRef = 9DEA52422CD3637900A3AE68 /* BusModel.swift */; };
		9DEA52452CD3639100A3AE68 /* CityModel.swift in Sources */ = {isa = PBXBuildFile; fileRef = 9DEA52442CD3638E00A3AE68 /* CityModel.swift */; };
		9DEA52472CD363AD00A3AE68 /* FetchCityAPI.swift in Sources */ = {isa = PBXBuildFile; fileRef = 9DEA52462CD363A100A3AE68 /* FetchCityAPI.swift */; };
/* End PBXBuildFile section */

/* Begin PBXContainerItemProxy section */
		1232B3BD2CD1D3DF00C48414 /* PBXContainerItemProxy */ = {
			isa = PBXContainerItemProxy;
			containerPortal = 1232B3A42CD1D3DE00C48414 /* Project object */;
			proxyType = 1;
			remoteGlobalIDString = 1232B3AB2CD1D3DE00C48414;
			remoteInfo = BlueBerrySmoothie;
		};
		1232B3C72CD1D3DF00C48414 /* PBXContainerItemProxy */ = {
			isa = PBXContainerItemProxy;
			containerPortal = 1232B3A42CD1D3DE00C48414 /* Project object */;
			proxyType = 1;
			remoteGlobalIDString = 1232B3AB2CD1D3DE00C48414;
			remoteInfo = BlueBerrySmoothie;
		};
/* End PBXContainerItemProxy section */

/* Begin PBXFileReference section */
		1232B3AC2CD1D3DE00C48414 /* BlueBerrySmoothie.app */ = {isa = PBXFileReference; explicitFileType = wrapper.application; includeInIndex = 0; path = BlueBerrySmoothie.app; sourceTree = BUILT_PRODUCTS_DIR; };
		1232B3AF2CD1D3DE00C48414 /* BlueBerrySmoothieApp.swift */ = {isa = PBXFileReference; lastKnownFileType = sourcecode.swift; path = BlueBerrySmoothieApp.swift; sourceTree = "<group>"; };
		1232B3B12CD1D3DE00C48414 /* ContentView.swift */ = {isa = PBXFileReference; lastKnownFileType = sourcecode.swift; path = ContentView.swift; sourceTree = "<group>"; };
		1232B3B32CD1D3DF00C48414 /* Assets.xcassets */ = {isa = PBXFileReference; lastKnownFileType = folder.assetcatalog; path = Assets.xcassets; sourceTree = "<group>"; };
		1232B3B62CD1D3DF00C48414 /* Preview Assets.xcassets */ = {isa = PBXFileReference; lastKnownFileType = folder.assetcatalog; path = "Preview Assets.xcassets"; sourceTree = "<group>"; };
		1232B3BC2CD1D3DF00C48414 /* BlueBerrySmoothieTests.xctest */ = {isa = PBXFileReference; explicitFileType = wrapper.cfbundle; includeInIndex = 0; path = BlueBerrySmoothieTests.xctest; sourceTree = BUILT_PRODUCTS_DIR; };
		1232B3C62CD1D3DF00C48414 /* BlueBerrySmoothieUITests.xctest */ = {isa = PBXFileReference; explicitFileType = wrapper.cfbundle; includeInIndex = 0; path = BlueBerrySmoothieUITests.xctest; sourceTree = BUILT_PRODUCTS_DIR; };
		1232B3DA2CD1D40500C48414 /* BusDecoderModel.swift */ = {isa = PBXFileReference; lastKnownFileType = sourcecode.swift; path = BusDecoderModel.swift; sourceTree = "<group>"; };
		1232B3DD2CD1D41600C48414 /* SelectCityView.swift */ = {isa = PBXFileReference; lastKnownFileType = sourcecode.swift; path = SelectCityView.swift; sourceTree = "<group>"; };
		1232B3E02CD1D46500C48414 /* DummyHelper.swift */ = {isa = PBXFileReference; lastKnownFileType = sourcecode.swift; path = DummyHelper.swift; sourceTree = "<group>"; };
		1232B3E32CD1D48600C48414 /* FetchBusAPI.swift */ = {isa = PBXFileReference; lastKnownFileType = sourcecode.swift; path = FetchBusAPI.swift; sourceTree = "<group>"; };
		1232B3E62CD1D4A300C48414 /* DummyManager.swift */ = {isa = PBXFileReference; lastKnownFileType = sourcecode.swift; path = DummyManager.swift; sourceTree = "<group>"; };
		12D2B6C02CD3533E005CF771 /* DummyComponent.swift */ = {isa = PBXFileReference; lastKnownFileType = sourcecode.swift; path = DummyComponent.swift; sourceTree = "<group>"; };
		12D2B6C52CD36E70005CF771 /* SelectBusStopView.swift */ = {isa = PBXFileReference; lastKnownFileType = sourcecode.swift; path = SelectBusStopView.swift; sourceTree = "<group>"; };
		12D2B6C72CD36E94005CF771 /* BusStopModel.swift */ = {isa = PBXFileReference; lastKnownFileType = sourcecode.swift; path = BusStopModel.swift; sourceTree = "<group>"; };
		12D2B6C92CD36ED8005CF771 /* BusStopDecoderModel.swift */ = {isa = PBXFileReference; lastKnownFileType = sourcecode.swift; path = BusStopDecoderModel.swift; sourceTree = "<group>"; };
		12D2B6CB2CD3706F005CF771 /* fetchBusStopAPI.swift */ = {isa = PBXFileReference; lastKnownFileType = sourcecode.swift; path = fetchBusStopAPI.swift; sourceTree = "<group>"; };
		12D2B6CE2CD3ABAF005CF771 /* BusStopViewModel.swift */ = {isa = PBXFileReference; lastKnownFileType = sourcecode.swift; path = BusStopViewModel.swift; sourceTree = "<group>"; };
		12D2B6D02CD3B104005CF771 /* NetworkHelper.swift */ = {isa = PBXFileReference; lastKnownFileType = sourcecode.swift; path = NetworkHelper.swift; sourceTree = "<group>"; };
		12D2B6D22CD3F50F005CF771 /* Config.xcconfig */ = {isa = PBXFileReference; lastKnownFileType = text.xcconfig; path = Config.xcconfig; sourceTree = "<group>"; };
		12D2B6D32CD3F5BD005CF771 /* getAPIKey.swift */ = {isa = PBXFileReference; lastKnownFileType = sourcecode.swift; path = getAPIKey.swift; sourceTree = "<group>"; };
		12D2B6D72CD63D6A005CF771 /* AlertModel.swift */ = {isa = PBXFileReference; lastKnownFileType = sourcecode.swift; path = AlertModel.swift; sourceTree = "<group>"; };
		9DEA523E2CD362C100A3AE68 /* SelectBusView.swift */ = {isa = PBXFileReference; lastKnownFileType = sourcecode.swift; path = SelectBusView.swift; sourceTree = "<group>"; };
		9DEA52402CD362FC00A3AE68 /* CityDecoderModel.swift */ = {isa = PBXFileReference; lastKnownFileType = sourcecode.swift; path = CityDecoderModel.swift; sourceTree = "<group>"; };
		9DEA52422CD3637900A3AE68 /* BusModel.swift */ = {isa = PBXFileReference; lastKnownFileType = sourcecode.swift; path = BusModel.swift; sourceTree = "<group>"; };
		9DEA52442CD3638E00A3AE68 /* CityModel.swift */ = {isa = PBXFileReference; lastKnownFileType = sourcecode.swift; path = CityModel.swift; sourceTree = "<group>"; };
		9DEA52462CD363A100A3AE68 /* FetchCityAPI.swift */ = {isa = PBXFileReference; lastKnownFileType = sourcecode.swift; path = FetchCityAPI.swift; sourceTree = "<group>"; };
		9DEA52482CD3649600A3AE68 /* Info.plist */ = {isa = PBXFileReference; lastKnownFileType = text.plist; path = Info.plist; sourceTree = "<group>"; };
/* End PBXFileReference section */

/* Begin PBXFrameworksBuildPhase section */
		1232B3A92CD1D3DE00C48414 /* Frameworks */ = {
			isa = PBXFrameworksBuildPhase;
			buildActionMask = 2147483647;
			files = (
			);
			runOnlyForDeploymentPostprocessing = 0;
		};
		1232B3B92CD1D3DF00C48414 /* Frameworks */ = {
			isa = PBXFrameworksBuildPhase;
			buildActionMask = 2147483647;
			files = (
			);
			runOnlyForDeploymentPostprocessing = 0;
		};
		1232B3C32CD1D3DF00C48414 /* Frameworks */ = {
			isa = PBXFrameworksBuildPhase;
			buildActionMask = 2147483647;
			files = (
			);
			runOnlyForDeploymentPostprocessing = 0;
		};
/* End PBXFrameworksBuildPhase section */

/* Begin PBXGroup section */
		1232B3A32CD1D3DE00C48414 = {
			isa = PBXGroup;
			children = (
				1232B3AE2CD1D3DE00C48414 /* BlueBerrySmoothie */,
				1232B3AD2CD1D3DE00C48414 /* Products */,
			);
			sourceTree = "<group>";
		};
		1232B3AD2CD1D3DE00C48414 /* Products */ = {
			isa = PBXGroup;
			children = (
				1232B3AC2CD1D3DE00C48414 /* BlueBerrySmoothie.app */,
				1232B3BC2CD1D3DF00C48414 /* BlueBerrySmoothieTests.xctest */,
				1232B3C62CD1D3DF00C48414 /* BlueBerrySmoothieUITests.xctest */,
			);
			name = Products;
			sourceTree = "<group>";
		};
		1232B3AE2CD1D3DE00C48414 /* BlueBerrySmoothie */ = {
			isa = PBXGroup;
			children = (
				12D2B6D22CD3F50F005CF771 /* Config.xcconfig */,
				9DEA52482CD3649600A3AE68 /* Info.plist */,
				12D2B6BF2CD3532F005CF771 /* Component */,
				1232B3E92CD1D4E800C48414 /* App */,
				1232B3E52CD1D49000C48414 /* Manager */,
				1232B3E22CD1D46E00C48414 /* Network */,
				1232B3DF2CD1D45A00C48414 /* Helper */,
				1232B3DC2CD1D40800C48414 /* View */,
				12D2B6CD2CD3AB97005CF771 /* ViewModel */,
				1232B3D92CD1D3F700C48414 /* Model */,
				1232B3B32CD1D3DF00C48414 /* Assets.xcassets */,
				1232B3B52CD1D3DF00C48414 /* Preview Content */,
			);
			path = BlueBerrySmoothie;
			sourceTree = "<group>";
		};
		1232B3B52CD1D3DF00C48414 /* Preview Content */ = {
			isa = PBXGroup;
			children = (
				1232B3B62CD1D3DF00C48414 /* Preview Assets.xcassets */,
			);
			path = "Preview Content";
			sourceTree = "<group>";
		};
		1232B3D92CD1D3F700C48414 /* Model */ = {
			isa = PBXGroup;
			children = (
				9DEA52402CD362FC00A3AE68 /* CityDecoderModel.swift */,
				9DEA52442CD3638E00A3AE68 /* CityModel.swift */,
				1232B3DA2CD1D40500C48414 /* BusDecoderModel.swift */,
				9DEA52422CD3637900A3AE68 /* BusModel.swift */,
				12D2B6C72CD36E94005CF771 /* BusStopModel.swift */,
				12D2B6C92CD36ED8005CF771 /* BusStopDecoderModel.swift */,
				12D2B6D72CD63D6A005CF771 /* AlertModel.swift */,
			);
			path = Model;
			sourceTree = "<group>";
		};
		1232B3DC2CD1D40800C48414 /* View */ = {
			isa = PBXGroup;
			children = (
				9DEA523E2CD362C100A3AE68 /* SelectBusView.swift */,
				1232B3DD2CD1D41600C48414 /* SelectCityView.swift */,
				12D2B6C52CD36E70005CF771 /* SelectBusStopView.swift */,
				1232B3B12CD1D3DE00C48414 /* ContentView.swift */,
			);
			path = View;
			sourceTree = "<group>";
		};
		1232B3DF2CD1D45A00C48414 /* Helper */ = {
			isa = PBXGroup;
			children = (
				1232B3E02CD1D46500C48414 /* DummyHelper.swift */,
				12D2B6D02CD3B104005CF771 /* NetworkHelper.swift */,
				12D2B6D32CD3F5BD005CF771 /* getAPIKey.swift */,
			);
			path = Helper;
			sourceTree = "<group>";
		};
		1232B3E22CD1D46E00C48414 /* Network */ = {
			isa = PBXGroup;
			children = (
				1232B3E32CD1D48600C48414 /* FetchBusAPI.swift */,
				9DEA52462CD363A100A3AE68 /* FetchCityAPI.swift */,
				12D2B6CB2CD3706F005CF771 /* fetchBusStopAPI.swift */,
			);
			path = Network;
			sourceTree = "<group>";
		};
		1232B3E52CD1D49000C48414 /* Manager */ = {
			isa = PBXGroup;
			children = (
				1232B3E62CD1D4A300C48414 /* DummyManager.swift */,
			);
			path = Manager;
			sourceTree = "<group>";
		};
		1232B3E92CD1D4E800C48414 /* App */ = {
			isa = PBXGroup;
			children = (
				1232B3AF2CD1D3DE00C48414 /* BlueBerrySmoothieApp.swift */,
			);
			path = App;
			sourceTree = "<group>";
		};
		12D2B6BF2CD3532F005CF771 /* Component */ = {
			isa = PBXGroup;
			children = (
				12D2B6C02CD3533E005CF771 /* DummyComponent.swift */,
			);
			path = Component;
			sourceTree = "<group>";
		};
		12D2B6CD2CD3AB97005CF771 /* ViewModel */ = {
			isa = PBXGroup;
			children = (
				12D2B6CE2CD3ABAF005CF771 /* BusStopViewModel.swift */,
			);
			path = ViewModel;
			sourceTree = "<group>";
		};
/* End PBXGroup section */

/* Begin PBXNativeTarget section */
		1232B3AB2CD1D3DE00C48414 /* BlueBerrySmoothie */ = {
			isa = PBXNativeTarget;
			buildConfigurationList = 1232B3D02CD1D3DF00C48414 /* Build configuration list for PBXNativeTarget "BlueBerrySmoothie" */;
			buildPhases = (
				1232B3A82CD1D3DE00C48414 /* Sources */,
				1232B3A92CD1D3DE00C48414 /* Frameworks */,
				1232B3AA2CD1D3DE00C48414 /* Resources */,
			);
			buildRules = (
			);
			dependencies = (
			);
			name = BlueBerrySmoothie;
			productName = BlueBerrySmoothie;
			productReference = 1232B3AC2CD1D3DE00C48414 /* BlueBerrySmoothie.app */;
			productType = "com.apple.product-type.application";
		};
		1232B3BB2CD1D3DF00C48414 /* BlueBerrySmoothieTests */ = {
			isa = PBXNativeTarget;
			buildConfigurationList = 1232B3D32CD1D3DF00C48414 /* Build configuration list for PBXNativeTarget "BlueBerrySmoothieTests" */;
			buildPhases = (
				1232B3B82CD1D3DF00C48414 /* Sources */,
				1232B3B92CD1D3DF00C48414 /* Frameworks */,
				1232B3BA2CD1D3DF00C48414 /* Resources */,
			);
			buildRules = (
			);
			dependencies = (
				1232B3BE2CD1D3DF00C48414 /* PBXTargetDependency */,
			);
			name = BlueBerrySmoothieTests;
			productName = BlueBerrySmoothieTests;
			productReference = 1232B3BC2CD1D3DF00C48414 /* BlueBerrySmoothieTests.xctest */;
			productType = "com.apple.product-type.bundle.unit-test";
		};
		1232B3C52CD1D3DF00C48414 /* BlueBerrySmoothieUITests */ = {
			isa = PBXNativeTarget;
			buildConfigurationList = 1232B3D62CD1D3DF00C48414 /* Build configuration list for PBXNativeTarget "BlueBerrySmoothieUITests" */;
			buildPhases = (
				1232B3C22CD1D3DF00C48414 /* Sources */,
				1232B3C32CD1D3DF00C48414 /* Frameworks */,
				1232B3C42CD1D3DF00C48414 /* Resources */,
			);
			buildRules = (
			);
			dependencies = (
				1232B3C82CD1D3DF00C48414 /* PBXTargetDependency */,
			);
			name = BlueBerrySmoothieUITests;
			productName = BlueBerrySmoothieUITests;
			productReference = 1232B3C62CD1D3DF00C48414 /* BlueBerrySmoothieUITests.xctest */;
			productType = "com.apple.product-type.bundle.ui-testing";
		};
/* End PBXNativeTarget section */

/* Begin PBXProject section */
		1232B3A42CD1D3DE00C48414 /* Project object */ = {
			isa = PBXProject;
			attributes = {
				BuildIndependentTargetsInParallel = 1;
				LastSwiftUpdateCheck = 1520;
				LastUpgradeCheck = 1520;
				TargetAttributes = {
					1232B3AB2CD1D3DE00C48414 = {
						CreatedOnToolsVersion = 15.2;
					};
					1232B3BB2CD1D3DF00C48414 = {
						CreatedOnToolsVersion = 15.2;
						TestTargetID = 1232B3AB2CD1D3DE00C48414;
					};
					1232B3C52CD1D3DF00C48414 = {
						CreatedOnToolsVersion = 15.2;
						TestTargetID = 1232B3AB2CD1D3DE00C48414;
					};
				};
			};
			buildConfigurationList = 1232B3A72CD1D3DE00C48414 /* Build configuration list for PBXProject "BlueberrySmoothie" */;
			compatibilityVersion = "Xcode 14.0";
			developmentRegion = en;
			hasScannedForEncodings = 0;
			knownRegions = (
				en,
				Base,
			);
			mainGroup = 1232B3A32CD1D3DE00C48414;
			productRefGroup = 1232B3AD2CD1D3DE00C48414 /* Products */;
			projectDirPath = "";
			projectRoot = "";
			targets = (
				1232B3AB2CD1D3DE00C48414 /* BlueBerrySmoothie */,
				1232B3BB2CD1D3DF00C48414 /* BlueBerrySmoothieTests */,
				1232B3C52CD1D3DF00C48414 /* BlueBerrySmoothieUITests */,
			);
		};
/* End PBXProject section */

/* Begin PBXResourcesBuildPhase section */
		1232B3AA2CD1D3DE00C48414 /* Resources */ = {
			isa = PBXResourcesBuildPhase;
			buildActionMask = 2147483647;
			files = (
				1232B3B72CD1D3DF00C48414 /* Preview Assets.xcassets in Resources */,
				1232B3B42CD1D3DF00C48414 /* Assets.xcassets in Resources */,
			);
			runOnlyForDeploymentPostprocessing = 0;
		};
		1232B3BA2CD1D3DF00C48414 /* Resources */ = {
			isa = PBXResourcesBuildPhase;
			buildActionMask = 2147483647;
			files = (
			);
			runOnlyForDeploymentPostprocessing = 0;
		};
		1232B3C42CD1D3DF00C48414 /* Resources */ = {
			isa = PBXResourcesBuildPhase;
			buildActionMask = 2147483647;
			files = (
			);
			runOnlyForDeploymentPostprocessing = 0;
		};
/* End PBXResourcesBuildPhase section */

/* Begin PBXSourcesBuildPhase section */
		1232B3A82CD1D3DE00C48414 /* Sources */ = {
			isa = PBXSourcesBuildPhase;
			buildActionMask = 2147483647;
			files = (
				1232B3E12CD1D46500C48414 /* DummyHelper.swift in Sources */,
				12D2B6D42CD3F5BE005CF771 /* getAPIKey.swift in Sources */,
				1232B3DB2CD1D40500C48414 /* BusDecoderModel.swift in Sources */,
				9DEA523F2CD362CA00A3AE68 /* SelectBusView.swift in Sources */,
				12D2B6D82CD63D6A005CF771 /* AlertModel.swift in Sources */,
				9DEA52432CD3637C00A3AE68 /* BusModel.swift in Sources */,
				9DEA52412CD3630200A3AE68 /* CityDecoderModel.swift in Sources */,
				1232B3DE2CD1D41600C48414 /* SelectCityView.swift in Sources */,
				12D2B6CC2CD3706F005CF771 /* fetchBusStopAPI.swift in Sources */,
				1232B3E42CD1D48600C48414 /* FetchBusAPI.swift in Sources */,
				1232B3B22CD1D3DE00C48414 /* ContentView.swift in Sources */,
				12D2B6D12CD3B104005CF771 /* NetworkHelper.swift in Sources */,
				9DEA52472CD363AD00A3AE68 /* FetchCityAPI.swift in Sources */,
				9DEA52452CD3639100A3AE68 /* CityModel.swift in Sources */,
				1232B3E72CD1D4A300C48414 /* DummyManager.swift in Sources */,
				12D2B6CA2CD36ED8005CF771 /* BusStopDecoderModel.swift in Sources */,
				12D2B6C12CD3533E005CF771 /* DummyComponent.swift in Sources */,
				12D2B6C82CD36E94005CF771 /* BusStopModel.swift in Sources */,
				1232B3B02CD1D3DE00C48414 /* BlueBerrySmoothieApp.swift in Sources */,
				12D2B6C62CD36E70005CF771 /* SelectBusStopView.swift in Sources */,
				12D2B6CF2CD3ABAF005CF771 /* BusStopViewModel.swift in Sources */,
			);
			runOnlyForDeploymentPostprocessing = 0;
		};
		1232B3B82CD1D3DF00C48414 /* Sources */ = {
			isa = PBXSourcesBuildPhase;
			buildActionMask = 2147483647;
			files = (
			);
			runOnlyForDeploymentPostprocessing = 0;
		};
		1232B3C22CD1D3DF00C48414 /* Sources */ = {
			isa = PBXSourcesBuildPhase;
			buildActionMask = 2147483647;
			files = (
			);
			runOnlyForDeploymentPostprocessing = 0;
		};
/* End PBXSourcesBuildPhase section */

/* Begin PBXTargetDependency section */
		1232B3BE2CD1D3DF00C48414 /* PBXTargetDependency */ = {
			isa = PBXTargetDependency;
			target = 1232B3AB2CD1D3DE00C48414 /* BlueBerrySmoothie */;
			targetProxy = 1232B3BD2CD1D3DF00C48414 /* PBXContainerItemProxy */;
		};
		1232B3C82CD1D3DF00C48414 /* PBXTargetDependency */ = {
			isa = PBXTargetDependency;
			target = 1232B3AB2CD1D3DE00C48414 /* BlueBerrySmoothie */;
			targetProxy = 1232B3C72CD1D3DF00C48414 /* PBXContainerItemProxy */;
		};
/* End PBXTargetDependency section */

/* Begin XCBuildConfiguration section */
		1232B3CE2CD1D3DF00C48414 /* Debug */ = {
			isa = XCBuildConfiguration;
			buildSettings = {
				ALWAYS_SEARCH_USER_PATHS = NO;
				ASSETCATALOG_COMPILER_GENERATE_SWIFT_ASSET_SYMBOL_EXTENSIONS = YES;
				CLANG_ANALYZER_NONNULL = YES;
				CLANG_ANALYZER_NUMBER_OBJECT_CONVERSION = YES_AGGRESSIVE;
				CLANG_CXX_LANGUAGE_STANDARD = "gnu++20";
				CLANG_ENABLE_MODULES = YES;
				CLANG_ENABLE_OBJC_ARC = YES;
				CLANG_ENABLE_OBJC_WEAK = YES;
				CLANG_WARN_BLOCK_CAPTURE_AUTORELEASING = YES;
				CLANG_WARN_BOOL_CONVERSION = YES;
				CLANG_WARN_COMMA = YES;
				CLANG_WARN_CONSTANT_CONVERSION = YES;
				CLANG_WARN_DEPRECATED_OBJC_IMPLEMENTATIONS = YES;
				CLANG_WARN_DIRECT_OBJC_ISA_USAGE = YES_ERROR;
				CLANG_WARN_DOCUMENTATION_COMMENTS = YES;
				CLANG_WARN_EMPTY_BODY = YES;
				CLANG_WARN_ENUM_CONVERSION = YES;
				CLANG_WARN_INFINITE_RECURSION = YES;
				CLANG_WARN_INT_CONVERSION = YES;
				CLANG_WARN_NON_LITERAL_NULL_CONVERSION = YES;
				CLANG_WARN_OBJC_IMPLICIT_RETAIN_SELF = YES;
				CLANG_WARN_OBJC_LITERAL_CONVERSION = YES;
				CLANG_WARN_OBJC_ROOT_CLASS = YES_ERROR;
				CLANG_WARN_QUOTED_INCLUDE_IN_FRAMEWORK_HEADER = YES;
				CLANG_WARN_RANGE_LOOP_ANALYSIS = YES;
				CLANG_WARN_STRICT_PROTOTYPES = YES;
				CLANG_WARN_SUSPICIOUS_MOVE = YES;
				CLANG_WARN_UNGUARDED_AVAILABILITY = YES_AGGRESSIVE;
				CLANG_WARN_UNREACHABLE_CODE = YES;
				CLANG_WARN__DUPLICATE_METHOD_MATCH = YES;
				COPY_PHASE_STRIP = NO;
				DEBUG_INFORMATION_FORMAT = dwarf;
				ENABLE_STRICT_OBJC_MSGSEND = YES;
				ENABLE_TESTABILITY = YES;
				ENABLE_USER_SCRIPT_SANDBOXING = YES;
				GCC_C_LANGUAGE_STANDARD = gnu17;
				GCC_DYNAMIC_NO_PIC = NO;
				GCC_NO_COMMON_BLOCKS = YES;
				GCC_OPTIMIZATION_LEVEL = 0;
				GCC_PREPROCESSOR_DEFINITIONS = (
					"DEBUG=1",
					"$(inherited)",
				);
				GCC_WARN_64_TO_32_BIT_CONVERSION = YES;
				GCC_WARN_ABOUT_RETURN_TYPE = YES_ERROR;
				GCC_WARN_UNDECLARED_SELECTOR = YES;
				GCC_WARN_UNINITIALIZED_AUTOS = YES_AGGRESSIVE;
				GCC_WARN_UNUSED_FUNCTION = YES;
				GCC_WARN_UNUSED_VARIABLE = YES;
				IPHONEOS_DEPLOYMENT_TARGET = 17.2;
				LOCALIZATION_PREFERS_STRING_CATALOGS = YES;
				MTL_ENABLE_DEBUG_INFO = INCLUDE_SOURCE;
				MTL_FAST_MATH = YES;
				ONLY_ACTIVE_ARCH = YES;
				SDKROOT = iphoneos;
				SWIFT_ACTIVE_COMPILATION_CONDITIONS = "DEBUG $(inherited)";
				SWIFT_OPTIMIZATION_LEVEL = "-Onone";
			};
			name = Debug;
		};
		1232B3CF2CD1D3DF00C48414 /* Release */ = {
			isa = XCBuildConfiguration;
			buildSettings = {
				ALWAYS_SEARCH_USER_PATHS = NO;
				ASSETCATALOG_COMPILER_GENERATE_SWIFT_ASSET_SYMBOL_EXTENSIONS = YES;
				CLANG_ANALYZER_NONNULL = YES;
				CLANG_ANALYZER_NUMBER_OBJECT_CONVERSION = YES_AGGRESSIVE;
				CLANG_CXX_LANGUAGE_STANDARD = "gnu++20";
				CLANG_ENABLE_MODULES = YES;
				CLANG_ENABLE_OBJC_ARC = YES;
				CLANG_ENABLE_OBJC_WEAK = YES;
				CLANG_WARN_BLOCK_CAPTURE_AUTORELEASING = YES;
				CLANG_WARN_BOOL_CONVERSION = YES;
				CLANG_WARN_COMMA = YES;
				CLANG_WARN_CONSTANT_CONVERSION = YES;
				CLANG_WARN_DEPRECATED_OBJC_IMPLEMENTATIONS = YES;
				CLANG_WARN_DIRECT_OBJC_ISA_USAGE = YES_ERROR;
				CLANG_WARN_DOCUMENTATION_COMMENTS = YES;
				CLANG_WARN_EMPTY_BODY = YES;
				CLANG_WARN_ENUM_CONVERSION = YES;
				CLANG_WARN_INFINITE_RECURSION = YES;
				CLANG_WARN_INT_CONVERSION = YES;
				CLANG_WARN_NON_LITERAL_NULL_CONVERSION = YES;
				CLANG_WARN_OBJC_IMPLICIT_RETAIN_SELF = YES;
				CLANG_WARN_OBJC_LITERAL_CONVERSION = YES;
				CLANG_WARN_OBJC_ROOT_CLASS = YES_ERROR;
				CLANG_WARN_QUOTED_INCLUDE_IN_FRAMEWORK_HEADER = YES;
				CLANG_WARN_RANGE_LOOP_ANALYSIS = YES;
				CLANG_WARN_STRICT_PROTOTYPES = YES;
				CLANG_WARN_SUSPICIOUS_MOVE = YES;
				CLANG_WARN_UNGUARDED_AVAILABILITY = YES_AGGRESSIVE;
				CLANG_WARN_UNREACHABLE_CODE = YES;
				CLANG_WARN__DUPLICATE_METHOD_MATCH = YES;
				COPY_PHASE_STRIP = NO;
				DEBUG_INFORMATION_FORMAT = "dwarf-with-dsym";
				ENABLE_NS_ASSERTIONS = NO;
				ENABLE_STRICT_OBJC_MSGSEND = YES;
				ENABLE_USER_SCRIPT_SANDBOXING = YES;
				GCC_C_LANGUAGE_STANDARD = gnu17;
				GCC_NO_COMMON_BLOCKS = YES;
				GCC_WARN_64_TO_32_BIT_CONVERSION = YES;
				GCC_WARN_ABOUT_RETURN_TYPE = YES_ERROR;
				GCC_WARN_UNDECLARED_SELECTOR = YES;
				GCC_WARN_UNINITIALIZED_AUTOS = YES_AGGRESSIVE;
				GCC_WARN_UNUSED_FUNCTION = YES;
				GCC_WARN_UNUSED_VARIABLE = YES;
				IPHONEOS_DEPLOYMENT_TARGET = 17.2;
				LOCALIZATION_PREFERS_STRING_CATALOGS = YES;
				MTL_ENABLE_DEBUG_INFO = NO;
				MTL_FAST_MATH = YES;
				SDKROOT = iphoneos;
				SWIFT_COMPILATION_MODE = wholemodule;
				VALIDATE_PRODUCT = YES;
			};
			name = Release;
		};
		1232B3D12CD1D3DF00C48414 /* Debug */ = {
			isa = XCBuildConfiguration;
			baseConfigurationReference = 12D2B6D22CD3F50F005CF771 /* Config.xcconfig */;
			buildSettings = {
				ASSETCATALOG_COMPILER_APPICON_NAME = AppIcon;
				ASSETCATALOG_COMPILER_GLOBAL_ACCENT_COLOR_NAME = AccentColor;
				CODE_SIGN_STYLE = Automatic;
				CURRENT_PROJECT_VERSION = 1;
				DEVELOPMENT_ASSET_PATHS = "\"BlueBerrySmoothie/Preview Content\"";
				DEVELOPMENT_TEAM = H54Z863265;
				ENABLE_PREVIEWS = YES;
				GENERATE_INFOPLIST_FILE = YES;
				INFOPLIST_FILE = BlueBerrySmoothie/Info.plist;
				INFOPLIST_KEY_UIApplicationSceneManifest_Generation = YES;
				INFOPLIST_KEY_UIApplicationSupportsIndirectInputEvents = YES;
				INFOPLIST_KEY_UILaunchScreen_Generation = YES;
				INFOPLIST_KEY_UISupportedInterfaceOrientations_iPad = "UIInterfaceOrientationPortrait UIInterfaceOrientationPortraitUpsideDown UIInterfaceOrientationLandscapeLeft UIInterfaceOrientationLandscapeRight";
				INFOPLIST_KEY_UISupportedInterfaceOrientations_iPhone = "UIInterfaceOrientationPortrait UIInterfaceOrientationLandscapeLeft UIInterfaceOrientationLandscapeRight";
				LD_RUNPATH_SEARCH_PATHS = (
					"$(inherited)",
					"@executable_path/Frameworks",
				);
				MARKETING_VERSION = 1.0;
				PRODUCT_BUNDLE_IDENTIFIER = com.SSan.Blueberry;
				PRODUCT_NAME = "$(TARGET_NAME)";
				SWIFT_EMIT_LOC_STRINGS = YES;
				SWIFT_VERSION = 5.0;
				TARGETED_DEVICE_FAMILY = "1,2";
			};
			name = Debug;
		};
		1232B3D22CD1D3DF00C48414 /* Release */ = {
			isa = XCBuildConfiguration;
			baseConfigurationReference = 12D2B6D22CD3F50F005CF771 /* Config.xcconfig */;
			buildSettings = {
				ASSETCATALOG_COMPILER_APPICON_NAME = AppIcon;
				ASSETCATALOG_COMPILER_GLOBAL_ACCENT_COLOR_NAME = AccentColor;
				CODE_SIGN_STYLE = Automatic;
				CURRENT_PROJECT_VERSION = 1;
				DEVELOPMENT_ASSET_PATHS = "\"BlueBerrySmoothie/Preview Content\"";
				DEVELOPMENT_TEAM = H54Z863265;
				ENABLE_PREVIEWS = YES;
				GENERATE_INFOPLIST_FILE = YES;
				INFOPLIST_FILE = BlueBerrySmoothie/Info.plist;
				INFOPLIST_KEY_UIApplicationSceneManifest_Generation = YES;
				INFOPLIST_KEY_UIApplicationSupportsIndirectInputEvents = YES;
				INFOPLIST_KEY_UILaunchScreen_Generation = YES;
				INFOPLIST_KEY_UISupportedInterfaceOrientations_iPad = "UIInterfaceOrientationPortrait UIInterfaceOrientationPortraitUpsideDown UIInterfaceOrientationLandscapeLeft UIInterfaceOrientationLandscapeRight";
				INFOPLIST_KEY_UISupportedInterfaceOrientations_iPhone = "UIInterfaceOrientationPortrait UIInterfaceOrientationLandscapeLeft UIInterfaceOrientationLandscapeRight";
				LD_RUNPATH_SEARCH_PATHS = (
					"$(inherited)",
					"@executable_path/Frameworks",
				);
				MARKETING_VERSION = 1.0;
				PRODUCT_BUNDLE_IDENTIFIER = com.SSan.Blueberry;
				PRODUCT_NAME = "$(TARGET_NAME)";
				SWIFT_EMIT_LOC_STRINGS = YES;
				SWIFT_VERSION = 5.0;
				TARGETED_DEVICE_FAMILY = "1,2";
			};
			name = Release;
		};
		1232B3D42CD1D3DF00C48414 /* Debug */ = {
			isa = XCBuildConfiguration;
			buildSettings = {
				ALWAYS_EMBED_SWIFT_STANDARD_LIBRARIES = YES;
				BUNDLE_LOADER = "$(TEST_HOST)";
				CODE_SIGN_STYLE = Automatic;
				CURRENT_PROJECT_VERSION = 1;
				DEVELOPMENT_TEAM = H54Z863265;
				GENERATE_INFOPLIST_FILE = YES;
				IPHONEOS_DEPLOYMENT_TARGET = 17.2;
				MARKETING_VERSION = 1.0;
				PRODUCT_BUNDLE_IDENTIFIER = Yeggggi.BlueBerrySmoothieTests;
				PRODUCT_NAME = "$(TARGET_NAME)";
				SWIFT_EMIT_LOC_STRINGS = NO;
				SWIFT_VERSION = 5.0;
				TARGETED_DEVICE_FAMILY = "1,2";
				TEST_HOST = "$(BUILT_PRODUCTS_DIR)/BlueBerrySmoothie.app/$(BUNDLE_EXECUTABLE_FOLDER_PATH)/BlueBerrySmoothie";
			};
			name = Debug;
		};
		1232B3D52CD1D3DF00C48414 /* Release */ = {
			isa = XCBuildConfiguration;
			buildSettings = {
				ALWAYS_EMBED_SWIFT_STANDARD_LIBRARIES = YES;
				BUNDLE_LOADER = "$(TEST_HOST)";
				CODE_SIGN_STYLE = Automatic;
				CURRENT_PROJECT_VERSION = 1;
				DEVELOPMENT_TEAM = H54Z863265;
				GENERATE_INFOPLIST_FILE = YES;
				IPHONEOS_DEPLOYMENT_TARGET = 17.2;
				MARKETING_VERSION = 1.0;
				PRODUCT_BUNDLE_IDENTIFIER = Yeggggi.BlueBerrySmoothieTests;
				PRODUCT_NAME = "$(TARGET_NAME)";
				SWIFT_EMIT_LOC_STRINGS = NO;
				SWIFT_VERSION = 5.0;
				TARGETED_DEVICE_FAMILY = "1,2";
				TEST_HOST = "$(BUILT_PRODUCTS_DIR)/BlueBerrySmoothie.app/$(BUNDLE_EXECUTABLE_FOLDER_PATH)/BlueBerrySmoothie";
			};
			name = Release;
		};
		1232B3D72CD1D3DF00C48414 /* Debug */ = {
			isa = XCBuildConfiguration;
			buildSettings = {
				ALWAYS_EMBED_SWIFT_STANDARD_LIBRARIES = YES;
				CODE_SIGN_STYLE = Automatic;
				CURRENT_PROJECT_VERSION = 1;
				DEVELOPMENT_TEAM = H54Z863265;
				GENERATE_INFOPLIST_FILE = YES;
				MARKETING_VERSION = 1.0;
				PRODUCT_BUNDLE_IDENTIFIER = Yeggggi.BlueBerrySmoothieUITests;
				PRODUCT_NAME = "$(TARGET_NAME)";
				SWIFT_EMIT_LOC_STRINGS = NO;
				SWIFT_VERSION = 5.0;
				TARGETED_DEVICE_FAMILY = "1,2";
				TEST_TARGET_NAME = BlueBerrySmoothie;
			};
			name = Debug;
		};
		1232B3D82CD1D3DF00C48414 /* Release */ = {
			isa = XCBuildConfiguration;
			buildSettings = {
				ALWAYS_EMBED_SWIFT_STANDARD_LIBRARIES = YES;
				CODE_SIGN_STYLE = Automatic;
				CURRENT_PROJECT_VERSION = 1;
				DEVELOPMENT_TEAM = H54Z863265;
				GENERATE_INFOPLIST_FILE = YES;
				MARKETING_VERSION = 1.0;
				PRODUCT_BUNDLE_IDENTIFIER = Yeggggi.BlueBerrySmoothieUITests;
				PRODUCT_NAME = "$(TARGET_NAME)";
				SWIFT_EMIT_LOC_STRINGS = NO;
				SWIFT_VERSION = 5.0;
				TARGETED_DEVICE_FAMILY = "1,2";
				TEST_TARGET_NAME = BlueBerrySmoothie;
			};
			name = Release;
		};
/* End XCBuildConfiguration section */

/* Begin XCConfigurationList section */
		1232B3A72CD1D3DE00C48414 /* Build configuration list for PBXProject "BlueberrySmoothie" */ = {
			isa = XCConfigurationList;
			buildConfigurations = (
				1232B3CE2CD1D3DF00C48414 /* Debug */,
				1232B3CF2CD1D3DF00C48414 /* Release */,
			);
			defaultConfigurationIsVisible = 0;
			defaultConfigurationName = Release;
		};
		1232B3D02CD1D3DF00C48414 /* Build configuration list for PBXNativeTarget "BlueBerrySmoothie" */ = {
			isa = XCConfigurationList;
			buildConfigurations = (
				1232B3D12CD1D3DF00C48414 /* Debug */,
				1232B3D22CD1D3DF00C48414 /* Release */,
			);
			defaultConfigurationIsVisible = 0;
			defaultConfigurationName = Release;
		};
		1232B3D32CD1D3DF00C48414 /* Build configuration list for PBXNativeTarget "BlueBerrySmoothieTests" */ = {
			isa = XCConfigurationList;
			buildConfigurations = (
				1232B3D42CD1D3DF00C48414 /* Debug */,
				1232B3D52CD1D3DF00C48414 /* Release */,
			);
			defaultConfigurationIsVisible = 0;
			defaultConfigurationName = Release;
		};
		1232B3D62CD1D3DF00C48414 /* Build configuration list for PBXNativeTarget "BlueBerrySmoothieUITests" */ = {
			isa = XCConfigurationList;
			buildConfigurations = (
				1232B3D72CD1D3DF00C48414 /* Debug */,
				1232B3D82CD1D3DF00C48414 /* Release */,
			);
			defaultConfigurationIsVisible = 0;
			defaultConfigurationName = Release;
		};
/* End XCConfigurationList section */
	};
	rootObject = 1232B3A42CD1D3DE00C48414 /* Project object */;
}
