// !$*UTF8*$!
{
	archiveVersion = 1;
	classes = {
	};
	objectVersion = 56;
	objects = {

/* Begin PBXBuildFile section */
		1232B3B02CD1D3DE00C48414 /* BlueBerrySmoothieApp.swift in Sources */ = {isa = PBXBuildFile; fileRef = 1232B3AF2CD1D3DE00C48414 /* BlueBerrySmoothieApp.swift */; };
		1232B3B22CD1D3DE00C48414 /* ContentView.swift in Sources */ = {isa = PBXBuildFile; fileRef = 1232B3B12CD1D3DE00C48414 /* ContentView.swift */; };
		1232B3B42CD1D3DF00C48414 /* Assets.xcassets in Resources */ = {isa = PBXBuildFile; fileRef = 1232B3B32CD1D3DF00C48414 /* Assets.xcassets */; };
		1232B3B72CD1D3DF00C48414 /* Preview Assets.xcassets in Resources */ = {isa = PBXBuildFile; fileRef = 1232B3B62CD1D3DF00C48414 /* Preview Assets.xcassets */; };
		1232B3DB2CD1D40500C48414 /* DummyModel.swift in Sources */ = {isa = PBXBuildFile; fileRef = 1232B3DA2CD1D40500C48414 /* DummyModel.swift */; };
		1232B3DE2CD1D41600C48414 /* DummyView.swift in Sources */ = {isa = PBXBuildFile; fileRef = 1232B3DD2CD1D41600C48414 /* DummyView.swift */; };
		1232B3E12CD1D46500C48414 /* DummyHelper.swift in Sources */ = {isa = PBXBuildFile; fileRef = 1232B3E02CD1D46500C48414 /* DummyHelper.swift */; };
		1232B3E42CD1D48600C48414 /* DummyNetwork.swift in Sources */ = {isa = PBXBuildFile; fileRef = 1232B3E32CD1D48600C48414 /* DummyNetwork.swift */; };
		1232B3E72CD1D4A300C48414 /* DummyManager.swift in Sources */ = {isa = PBXBuildFile; fileRef = 1232B3E62CD1D4A300C48414 /* DummyManager.swift */; };
		12D2B6C12CD3533E005CF771 /* DummyComponent.swift in Sources */ = {isa = PBXBuildFile; fileRef = 12D2B6C02CD3533E005CF771 /* DummyComponent.swift */; };
		8BF2EFA42CD3A78A008A6644 /* MainViewDaisy.swift in Sources */ = {isa = PBXBuildFile; fileRef = 8BF2EFA32CD3A78A008A6644 /* MainViewDaisy.swift */; };
		8BF2EFA62CD3A7B0008A6644 /* InputViewDaisy.swift in Sources */ = {isa = PBXBuildFile; fileRef = 8BF2EFA52CD3A7B0008A6644 /* InputViewDaisy.swift */; };
		8BF2EFA82CD3A7F2008A6644 /* Alert.swift in Sources */ = {isa = PBXBuildFile; fileRef = 8BF2EFA72CD3A7F2008A6644 /* Alert.swift */; };
		8BF2EFAA2CD3AA2B008A6644 /* NotificationManager.swift in Sources */ = {isa = PBXBuildFile; fileRef = 8BF2EFA92CD3AA2B008A6644 /* NotificationManager.swift */; };
		8BF2EFAC2CD3AA44008A6644 /* LocationManager.swift in Sources */ = {isa = PBXBuildFile; fileRef = 8BF2EFAB2CD3AA44008A6644 /* LocationManager.swift */; };
		8BF2EFAE2CD3AA5F008A6644 /* LocationView.swift in Sources */ = {isa = PBXBuildFile; fileRef = 8BF2EFAD2CD3AA5F008A6644 /* LocationView.swift */; };
		8BF2EFB12CD86C93008A6644 /* UsingAlertViewDaisy.swift in Sources */ = {isa = PBXBuildFile; fileRef = 8BF2EFB02CD86C93008A6644 /* UsingAlertViewDaisy.swift */; };
		8BF2EFB52CD92BE0008A6644 /* HapticHelper.swift in Sources */ = {isa = PBXBuildFile; fileRef = 8BF2EFB42CD92BE0008A6644 /* HapticHelper.swift */; };
		8BF2EFB72CD9B34A008A6644 /* EndViewDaisy.swift in Sources */ = {isa = PBXBuildFile; fileRef = 8BF2EFB62CD9B34A008A6644 /* EndViewDaisy.swift */; };
/* End PBXBuildFile section */

/* Begin PBXFileReference section */
		1232B3AC2CD1D3DE00C48414 /* BlueBerrySmoothie.app */ = {isa = PBXFileReference; explicitFileType = wrapper.application; includeInIndex = 0; path = BlueBerrySmoothie.app; sourceTree = BUILT_PRODUCTS_DIR; };
		1232B3AF2CD1D3DE00C48414 /* BlueBerrySmoothieApp.swift */ = {isa = PBXFileReference; lastKnownFileType = sourcecode.swift; path = BlueBerrySmoothieApp.swift; sourceTree = "<group>"; };
		1232B3B12CD1D3DE00C48414 /* ContentView.swift */ = {isa = PBXFileReference; lastKnownFileType = sourcecode.swift; path = ContentView.swift; sourceTree = "<group>"; };
		1232B3B32CD1D3DF00C48414 /* Assets.xcassets */ = {isa = PBXFileReference; lastKnownFileType = folder.assetcatalog; path = Assets.xcassets; sourceTree = "<group>"; };
		1232B3B62CD1D3DF00C48414 /* Preview Assets.xcassets */ = {isa = PBXFileReference; lastKnownFileType = folder.assetcatalog; path = "Preview Assets.xcassets"; sourceTree = "<group>"; };
		1232B3DA2CD1D40500C48414 /* DummyModel.swift */ = {isa = PBXFileReference; lastKnownFileType = sourcecode.swift; path = DummyModel.swift; sourceTree = "<group>"; };
		1232B3DD2CD1D41600C48414 /* DummyView.swift */ = {isa = PBXFileReference; lastKnownFileType = sourcecode.swift; path = DummyView.swift; sourceTree = "<group>"; };
		1232B3E02CD1D46500C48414 /* DummyHelper.swift */ = {isa = PBXFileReference; lastKnownFileType = sourcecode.swift; path = DummyHelper.swift; sourceTree = "<group>"; };
		1232B3E32CD1D48600C48414 /* DummyNetwork.swift */ = {isa = PBXFileReference; lastKnownFileType = sourcecode.swift; path = DummyNetwork.swift; sourceTree = "<group>"; };
		1232B3E62CD1D4A300C48414 /* DummyManager.swift */ = {isa = PBXFileReference; lastKnownFileType = sourcecode.swift; path = DummyManager.swift; sourceTree = "<group>"; };
		12D2B6C02CD3533E005CF771 /* DummyComponent.swift */ = {isa = PBXFileReference; lastKnownFileType = sourcecode.swift; path = DummyComponent.swift; sourceTree = "<group>"; };
		8BF2EFA32CD3A78A008A6644 /* MainViewDaisy.swift */ = {isa = PBXFileReference; lastKnownFileType = sourcecode.swift; path = MainViewDaisy.swift; sourceTree = "<group>"; };
		8BF2EFA52CD3A7B0008A6644 /* InputViewDaisy.swift */ = {isa = PBXFileReference; lastKnownFileType = sourcecode.swift; path = InputViewDaisy.swift; sourceTree = "<group>"; };
		8BF2EFA72CD3A7F2008A6644 /* Alert.swift */ = {isa = PBXFileReference; lastKnownFileType = sourcecode.swift; path = Alert.swift; sourceTree = "<group>"; };
		8BF2EFA92CD3AA2B008A6644 /* NotificationManager.swift */ = {isa = PBXFileReference; lastKnownFileType = sourcecode.swift; path = NotificationManager.swift; sourceTree = "<group>"; };
		8BF2EFAB2CD3AA44008A6644 /* LocationManager.swift */ = {isa = PBXFileReference; lastKnownFileType = sourcecode.swift; path = LocationManager.swift; sourceTree = "<group>"; };
		8BF2EFAD2CD3AA5F008A6644 /* LocationView.swift */ = {isa = PBXFileReference; lastKnownFileType = sourcecode.swift; path = LocationView.swift; sourceTree = "<group>"; };
		8BF2EFAF2CD3AABF008A6644 /* Info.plist */ = {isa = PBXFileReference; lastKnownFileType = text.plist; path = Info.plist; sourceTree = "<group>"; };
		8BF2EFB02CD86C93008A6644 /* UsingAlertViewDaisy.swift */ = {isa = PBXFileReference; lastKnownFileType = sourcecode.swift; path = UsingAlertViewDaisy.swift; sourceTree = "<group>"; };
		8BF2EFB42CD92BE0008A6644 /* HapticHelper.swift */ = {isa = PBXFileReference; lastKnownFileType = sourcecode.swift; path = HapticHelper.swift; sourceTree = "<group>"; };
		8BF2EFB62CD9B34A008A6644 /* EndViewDaisy.swift */ = {isa = PBXFileReference; lastKnownFileType = sourcecode.swift; path = EndViewDaisy.swift; sourceTree = "<group>"; };
/* End PBXFileReference section */

/* Begin PBXFrameworksBuildPhase section */
		1232B3A92CD1D3DE00C48414 /* Frameworks */ = {
			isa = PBXFrameworksBuildPhase;
			buildActionMask = 2147483647;
			files = (
			);
			runOnlyForDeploymentPostprocessing = 0;
		};
/* End PBXFrameworksBuildPhase section */

/* Begin PBXGroup section */
		1232B3A32CD1D3DE00C48414 = {
			isa = PBXGroup;
			children = (
				1232B3AE2CD1D3DE00C48414 /* BlueBerrySmoothie */,
				1232B3AD2CD1D3DE00C48414 /* Products */,
			);
			sourceTree = "<group>";
		};
		1232B3AD2CD1D3DE00C48414 /* Products */ = {
			isa = PBXGroup;
			children = (
				1232B3AC2CD1D3DE00C48414 /* BlueBerrySmoothie.app */,
			);
			name = Products;
			sourceTree = "<group>";
		};
		1232B3AE2CD1D3DE00C48414 /* BlueBerrySmoothie */ = {
			isa = PBXGroup;
			children = (
				8BF2EFAF2CD3AABF008A6644 /* Info.plist */,
				1232B3E92CD1D4E800C48414 /* App */,
				12D2B6BF2CD3532F005CF771 /* Component */,
				1232B3E52CD1D49000C48414 /* Manager */,
				1232B3E22CD1D46E00C48414 /* Network */,
				1232B3DF2CD1D45A00C48414 /* Helper */,
				1232B3DC2CD1D40800C48414 /* View */,
				1232B3D92CD1D3F700C48414 /* Model */,
				1232B3B32CD1D3DF00C48414 /* Assets.xcassets */,
				1232B3B52CD1D3DF00C48414 /* Preview Content */,
			);
			path = BlueBerrySmoothie;
			sourceTree = "<group>";
		};
		1232B3B52CD1D3DF00C48414 /* Preview Content */ = {
			isa = PBXGroup;
			children = (
				1232B3B62CD1D3DF00C48414 /* Preview Assets.xcassets */,
			);
			path = "Preview Content";
			sourceTree = "<group>";
		};
		1232B3D92CD1D3F700C48414 /* Model */ = {
			isa = PBXGroup;
			children = (
				1232B3DA2CD1D40500C48414 /* DummyModel.swift */,
				8BF2EFA72CD3A7F2008A6644 /* Alert.swift */,
			);
			path = Model;
			sourceTree = "<group>";
		};
		1232B3DC2CD1D40800C48414 /* View */ = {
			isa = PBXGroup;
			children = (
				1232B3B12CD1D3DE00C48414 /* ContentView.swift */,
				1232B3DD2CD1D41600C48414 /* DummyView.swift */,
				8BF2EFA32CD3A78A008A6644 /* MainViewDaisy.swift */,
				8BF2EFA52CD3A7B0008A6644 /* InputViewDaisy.swift */,
				8BF2EFAD2CD3AA5F008A6644 /* LocationView.swift */,
				8BF2EFB02CD86C93008A6644 /* UsingAlertViewDaisy.swift */,
				8BF2EFB62CD9B34A008A6644 /* EndViewDaisy.swift */,
			);
			path = View;
			sourceTree = "<group>";
		};
		1232B3DF2CD1D45A00C48414 /* Helper */ = {
			isa = PBXGroup;
			children = (
				1232B3E02CD1D46500C48414 /* DummyHelper.swift */,
				8BF2EFB42CD92BE0008A6644 /* HapticHelper.swift */,
			);
			path = Helper;
			sourceTree = "<group>";
		};
		1232B3E22CD1D46E00C48414 /* Network */ = {
			isa = PBXGroup;
			children = (
				1232B3E32CD1D48600C48414 /* DummyNetwork.swift */,
			);
			path = Network;
			sourceTree = "<group>";
		};
		1232B3E52CD1D49000C48414 /* Manager */ = {
			isa = PBXGroup;
			children = (
				1232B3E62CD1D4A300C48414 /* DummyManager.swift */,
				8BF2EFA92CD3AA2B008A6644 /* NotificationManager.swift */,
				8BF2EFAB2CD3AA44008A6644 /* LocationManager.swift */,
			);
			path = Manager;
			sourceTree = "<group>";
		};
		1232B3E92CD1D4E800C48414 /* App */ = {
			isa = PBXGroup;
			children = (
				1232B3AF2CD1D3DE00C48414 /* BlueBerrySmoothieApp.swift */,
			);
			path = App;
			sourceTree = "<group>";
		};
		12D2B6BF2CD3532F005CF771 /* Component */ = {
			isa = PBXGroup;
			children = (
				12D2B6C02CD3533E005CF771 /* DummyComponent.swift */,
			);
			path = Component;
			sourceTree = "<group>";
		};
/* End PBXGroup section */

/* Begin PBXNativeTarget section */
		1232B3AB2CD1D3DE00C48414 /* BlueBerrySmoothie */ = {
			isa = PBXNativeTarget;
			buildConfigurationList = 1232B3D02CD1D3DF00C48414 /* Build configuration list for PBXNativeTarget "BlueBerrySmoothie" */;
			buildPhases = (
				1232B3A82CD1D3DE00C48414 /* Sources */,
				1232B3A92CD1D3DE00C48414 /* Frameworks */,
				1232B3AA2CD1D3DE00C48414 /* Resources */,
			);
			buildRules = (
			);
			dependencies = (
			);
			name = BlueBerrySmoothie;
			productName = BlueBerrySmoothie;
			productReference = 1232B3AC2CD1D3DE00C48414 /* BlueBerrySmoothie.app */;
			productType = "com.apple.product-type.application";
		};
/* End PBXNativeTarget section */

/* Begin PBXProject section */
		1232B3A42CD1D3DE00C48414 /* Project object */ = {
			isa = PBXProject;
			attributes = {
				BuildIndependentTargetsInParallel = 1;
				LastSwiftUpdateCheck = 1520;
				LastUpgradeCheck = 1520;
				TargetAttributes = {
					1232B3AB2CD1D3DE00C48414 = {
						CreatedOnToolsVersion = 15.2;
					};
				};
			};
			buildConfigurationList = 1232B3A72CD1D3DE00C48414 /* Build configuration list for PBXProject "BlueberrySmoothie" */;
			compatibilityVersion = "Xcode 14.0";
			developmentRegion = en;
			hasScannedForEncodings = 0;
			knownRegions = (
				en,
				Base,
			);
			mainGroup = 1232B3A32CD1D3DE00C48414;
			productRefGroup = 1232B3AD2CD1D3DE00C48414 /* Products */;
			projectDirPath = "";
			projectRoot = "";
			targets = (
				1232B3AB2CD1D3DE00C48414 /* BlueBerrySmoothie */,
			);
		};
/* End PBXProject section */

/* Begin PBXResourcesBuildPhase section */
		1232B3AA2CD1D3DE00C48414 /* Resources */ = {
			isa = PBXResourcesBuildPhase;
			buildActionMask = 2147483647;
			files = (
				1232B3B72CD1D3DF00C48414 /* Preview Assets.xcassets in Resources */,
				1232B3B42CD1D3DF00C48414 /* Assets.xcassets in Resources */,
			);
			runOnlyForDeploymentPostprocessing = 0;
		};
/* End PBXResourcesBuildPhase section */

/* Begin PBXSourcesBuildPhase section */
		1232B3A82CD1D3DE00C48414 /* Sources */ = {
			isa = PBXSourcesBuildPhase;
			buildActionMask = 2147483647;
			files = (
				1232B3E12CD1D46500C48414 /* DummyHelper.swift in Sources */,
				8BF2EFA42CD3A78A008A6644 /* MainViewDaisy.swift in Sources */,
				1232B3DB2CD1D40500C48414 /* DummyModel.swift in Sources */,
				1232B3DE2CD1D41600C48414 /* DummyView.swift in Sources */,
				1232B3E42CD1D48600C48414 /* DummyNetwork.swift in Sources */,
				1232B3B22CD1D3DE00C48414 /* ContentView.swift in Sources */,
				8BF2EFB72CD9B34A008A6644 /* EndViewDaisy.swift in Sources */,
				8BF2EFB52CD92BE0008A6644 /* HapticHelper.swift in Sources */,
				8BF2EFAA2CD3AA2B008A6644 /* NotificationManager.swift in Sources */,
				1232B3E72CD1D4A300C48414 /* DummyManager.swift in Sources */,
				8BF2EFA62CD3A7B0008A6644 /* InputViewDaisy.swift in Sources */,
				8BF2EFA82CD3A7F2008A6644 /* Alert.swift in Sources */,
				12D2B6C12CD3533E005CF771 /* DummyComponent.swift in Sources */,
				8BF2EFAE2CD3AA5F008A6644 /* LocationView.swift in Sources */,
				1232B3B02CD1D3DE00C48414 /* BlueBerrySmoothieApp.swift in Sources */,
				8BF2EFAC2CD3AA44008A6644 /* LocationManager.swift in Sources */,
				8BF2EFB12CD86C93008A6644 /* UsingAlertViewDaisy.swift in Sources */,
			);
			runOnlyForDeploymentPostprocessing = 0;
		};
/* End PBXSourcesBuildPhase section */

/* Begin XCBuildConfiguration section */
		1232B3CE2CD1D3DF00C48414 /* Debug */ = {
			isa = XCBuildConfiguration;
			buildSettings = {
				ALWAYS_SEARCH_USER_PATHS = NO;
				ASSETCATALOG_COMPILER_GENERATE_SWIFT_ASSET_SYMBOL_EXTENSIONS = YES;
				CLANG_ANALYZER_NONNULL = YES;
				CLANG_ANALYZER_NUMBER_OBJECT_CONVERSION = YES_AGGRESSIVE;
				CLANG_CXX_LANGUAGE_STANDARD = "gnu++20";
				CLANG_ENABLE_MODULES = YES;
				CLANG_ENABLE_OBJC_ARC = YES;
				CLANG_ENABLE_OBJC_WEAK = YES;
				CLANG_WARN_BLOCK_CAPTURE_AUTORELEASING = YES;
				CLANG_WARN_BOOL_CONVERSION = YES;
				CLANG_WARN_COMMA = YES;
				CLANG_WARN_CONSTANT_CONVERSION = YES;
				CLANG_WARN_DEPRECATED_OBJC_IMPLEMENTATIONS = YES;
				CLANG_WARN_DIRECT_OBJC_ISA_USAGE = YES_ERROR;
				CLANG_WARN_DOCUMENTATION_COMMENTS = YES;
				CLANG_WARN_EMPTY_BODY = YES;
				CLANG_WARN_ENUM_CONVERSION = YES;
				CLANG_WARN_INFINITE_RECURSION = YES;
				CLANG_WARN_INT_CONVERSION = YES;
				CLANG_WARN_NON_LITERAL_NULL_CONVERSION = YES;
				CLANG_WARN_OBJC_IMPLICIT_RETAIN_SELF = YES;
				CLANG_WARN_OBJC_LITERAL_CONVERSION = YES;
				CLANG_WARN_OBJC_ROOT_CLASS = YES_ERROR;
				CLANG_WARN_QUOTED_INCLUDE_IN_FRAMEWORK_HEADER = YES;
				CLANG_WARN_RANGE_LOOP_ANALYSIS = YES;
				CLANG_WARN_STRICT_PROTOTYPES = YES;
				CLANG_WARN_SUSPICIOUS_MOVE = YES;
				CLANG_WARN_UNGUARDED_AVAILABILITY = YES_AGGRESSIVE;
				CLANG_WARN_UNREACHABLE_CODE = YES;
				CLANG_WARN__DUPLICATE_METHOD_MATCH = YES;
				COPY_PHASE_STRIP = NO;
				DEBUG_INFORMATION_FORMAT = dwarf;
				ENABLE_STRICT_OBJC_MSGSEND = YES;
				ENABLE_TESTABILITY = YES;
				ENABLE_USER_SCRIPT_SANDBOXING = YES;
				GCC_C_LANGUAGE_STANDARD = gnu17;
				GCC_DYNAMIC_NO_PIC = NO;
				GCC_NO_COMMON_BLOCKS = YES;
				GCC_OPTIMIZATION_LEVEL = 0;
				GCC_PREPROCESSOR_DEFINITIONS = (
					"DEBUG=1",
					"$(inherited)",
				);
				GCC_WARN_64_TO_32_BIT_CONVERSION = YES;
				GCC_WARN_ABOUT_RETURN_TYPE = YES_ERROR;
				GCC_WARN_UNDECLARED_SELECTOR = YES;
				GCC_WARN_UNINITIALIZED_AUTOS = YES_AGGRESSIVE;
				GCC_WARN_UNUSED_FUNCTION = YES;
				GCC_WARN_UNUSED_VARIABLE = YES;
				IPHONEOS_DEPLOYMENT_TARGET = 17.2;
				LOCALIZATION_PREFERS_STRING_CATALOGS = YES;
				MTL_ENABLE_DEBUG_INFO = INCLUDE_SOURCE;
				MTL_FAST_MATH = YES;
				ONLY_ACTIVE_ARCH = YES;
				SDKROOT = iphoneos;
				SWIFT_ACTIVE_COMPILATION_CONDITIONS = "DEBUG $(inherited)";
				SWIFT_OPTIMIZATION_LEVEL = "-Onone";
			};
			name = Debug;
		};
		1232B3CF2CD1D3DF00C48414 /* Release */ = {
			isa = XCBuildConfiguration;
			buildSettings = {
				ALWAYS_SEARCH_USER_PATHS = NO;
				ASSETCATALOG_COMPILER_GENERATE_SWIFT_ASSET_SYMBOL_EXTENSIONS = YES;
				CLANG_ANALYZER_NONNULL = YES;
				CLANG_ANALYZER_NUMBER_OBJECT_CONVERSION = YES_AGGRESSIVE;
				CLANG_CXX_LANGUAGE_STANDARD = "gnu++20";
				CLANG_ENABLE_MODULES = YES;
				CLANG_ENABLE_OBJC_ARC = YES;
				CLANG_ENABLE_OBJC_WEAK = YES;
				CLANG_WARN_BLOCK_CAPTURE_AUTORELEASING = YES;
				CLANG_WARN_BOOL_CONVERSION = YES;
				CLANG_WARN_COMMA = YES;
				CLANG_WARN_CONSTANT_CONVERSION = YES;
				CLANG_WARN_DEPRECATED_OBJC_IMPLEMENTATIONS = YES;
				CLANG_WARN_DIRECT_OBJC_ISA_USAGE = YES_ERROR;
				CLANG_WARN_DOCUMENTATION_COMMENTS = YES;
				CLANG_WARN_EMPTY_BODY = YES;
				CLANG_WARN_ENUM_CONVERSION = YES;
				CLANG_WARN_INFINITE_RECURSION = YES;
				CLANG_WARN_INT_CONVERSION = YES;
				CLANG_WARN_NON_LITERAL_NULL_CONVERSION = YES;
				CLANG_WARN_OBJC_IMPLICIT_RETAIN_SELF = YES;
				CLANG_WARN_OBJC_LITERAL_CONVERSION = YES;
				CLANG_WARN_OBJC_ROOT_CLASS = YES_ERROR;
				CLANG_WARN_QUOTED_INCLUDE_IN_FRAMEWORK_HEADER = YES;
				CLANG_WARN_RANGE_LOOP_ANALYSIS = YES;
				CLANG_WARN_STRICT_PROTOTYPES = YES;
				CLANG_WARN_SUSPICIOUS_MOVE = YES;
				CLANG_WARN_UNGUARDED_AVAILABILITY = YES_AGGRESSIVE;
				CLANG_WARN_UNREACHABLE_CODE = YES;
				CLANG_WARN__DUPLICATE_METHOD_MATCH = YES;
				COPY_PHASE_STRIP = NO;
				DEBUG_INFORMATION_FORMAT = "dwarf-with-dsym";
				ENABLE_NS_ASSERTIONS = NO;
				ENABLE_STRICT_OBJC_MSGSEND = YES;
				ENABLE_USER_SCRIPT_SANDBOXING = YES;
				GCC_C_LANGUAGE_STANDARD = gnu17;
				GCC_NO_COMMON_BLOCKS = YES;
				GCC_WARN_64_TO_32_BIT_CONVERSION = YES;
				GCC_WARN_ABOUT_RETURN_TYPE = YES_ERROR;
				GCC_WARN_UNDECLARED_SELECTOR = YES;
				GCC_WARN_UNINITIALIZED_AUTOS = YES_AGGRESSIVE;
				GCC_WARN_UNUSED_FUNCTION = YES;
				GCC_WARN_UNUSED_VARIABLE = YES;
				IPHONEOS_DEPLOYMENT_TARGET = 17.2;
				LOCALIZATION_PREFERS_STRING_CATALOGS = YES;
				MTL_ENABLE_DEBUG_INFO = NO;
				MTL_FAST_MATH = YES;
				SDKROOT = iphoneos;
				SWIFT_COMPILATION_MODE = wholemodule;
				VALIDATE_PRODUCT = YES;
			};
			name = Release;
		};
		1232B3D12CD1D3DF00C48414 /* Debug */ = {
			isa = XCBuildConfiguration;
			buildSettings = {
				ASSETCATALOG_COMPILER_APPICON_NAME = AppIcon;
				ASSETCATALOG_COMPILER_GLOBAL_ACCENT_COLOR_NAME = AccentColor;
				CODE_SIGN_STYLE = Automatic;
				CURRENT_PROJECT_VERSION = 1;
				DEVELOPMENT_ASSET_PATHS = "\"BlueBerrySmoothie/Preview Content\"";
				DEVELOPMENT_TEAM = GF3B5LP7RQ;
				ENABLE_PREVIEWS = YES;
				GENERATE_INFOPLIST_FILE = YES;
				INFOPLIST_FILE = BlueBerrySmoothie/Info.plist;
				INFOPLIST_KEY_NSLocationAlwaysAndWhenInUseUsageDescription = "주변 장소를 보여주기 위해 위치 정보가 필요합니다.";
				INFOPLIST_KEY_NSLocationAlwaysUsageDescription = "앱이 백그라운드에서도 주변 장소를 보여주기 위해 위치 정보가 필요합니다.";
				INFOPLIST_KEY_NSLocationWhenInUseUsageDescription = "주변 장소를 보여주기 위해 위치 정보가 필요합니다.";
				INFOPLIST_KEY_UIApplicationSceneManifest_Generation = YES;
				INFOPLIST_KEY_UIApplicationSupportsIndirectInputEvents = YES;
				INFOPLIST_KEY_UILaunchScreen_Generation = YES;
				INFOPLIST_KEY_UISupportedInterfaceOrientations_iPad = "UIInterfaceOrientationPortrait UIInterfaceOrientationPortraitUpsideDown UIInterfaceOrientationLandscapeLeft UIInterfaceOrientationLandscapeRight";
				INFOPLIST_KEY_UISupportedInterfaceOrientations_iPhone = "UIInterfaceOrientationPortrait UIInterfaceOrientationLandscapeLeft UIInterfaceOrientationLandscapeRight";
				LD_RUNPATH_SEARCH_PATHS = (
					"$(inherited)",
					"@executable_path/Frameworks",
				);
				MARKETING_VERSION = 1.0;
				PRODUCT_BUNDLE_IDENTIFIER = Yeggggi.BlueBerrySmoothie;
				PRODUCT_NAME = "$(TARGET_NAME)";
				SWIFT_EMIT_LOC_STRINGS = YES;
				SWIFT_VERSION = 5.0;
				TARGETED_DEVICE_FAMILY = "1,2";
			};
			name = Debug;
		};
		1232B3D22CD1D3DF00C48414 /* Release */ = {
			isa = XCBuildConfiguration;
			buildSettings = {
				ASSETCATALOG_COMPILER_APPICON_NAME = AppIcon;
				ASSETCATALOG_COMPILER_GLOBAL_ACCENT_COLOR_NAME = AccentColor;
				CODE_SIGN_STYLE = Automatic;
				CURRENT_PROJECT_VERSION = 1;
				DEVELOPMENT_ASSET_PATHS = "\"BlueBerrySmoothie/Preview Content\"";
				DEVELOPMENT_TEAM = GF3B5LP7RQ;
				ENABLE_PREVIEWS = YES;
				GENERATE_INFOPLIST_FILE = YES;
				INFOPLIST_FILE = BlueBerrySmoothie/Info.plist;
				INFOPLIST_KEY_NSLocationAlwaysAndWhenInUseUsageDescription = "주변 장소를 보여주기 위해 위치 정보가 필요합니다.";
				INFOPLIST_KEY_NSLocationAlwaysUsageDescription = "앱이 백그라운드에서도 주변 장소를 보여주기 위해 위치 정보가 필요합니다.";
				INFOPLIST_KEY_NSLocationWhenInUseUsageDescription = "주변 장소를 보여주기 위해 위치 정보가 필요합니다.";
				INFOPLIST_KEY_UIApplicationSceneManifest_Generation = YES;
				INFOPLIST_KEY_UIApplicationSupportsIndirectInputEvents = YES;
				INFOPLIST_KEY_UILaunchScreen_Generation = YES;
				INFOPLIST_KEY_UISupportedInterfaceOrientations_iPad = "UIInterfaceOrientationPortrait UIInterfaceOrientationPortraitUpsideDown UIInterfaceOrientationLandscapeLeft UIInterfaceOrientationLandscapeRight";
				INFOPLIST_KEY_UISupportedInterfaceOrientations_iPhone = "UIInterfaceOrientationPortrait UIInterfaceOrientationLandscapeLeft UIInterfaceOrientationLandscapeRight";
				LD_RUNPATH_SEARCH_PATHS = (
					"$(inherited)",
					"@executable_path/Frameworks",
				);
				MARKETING_VERSION = 1.0;
				PRODUCT_BUNDLE_IDENTIFIER = Yeggggi.BlueBerrySmoothie;
				PRODUCT_NAME = "$(TARGET_NAME)";
				SWIFT_EMIT_LOC_STRINGS = YES;
				SWIFT_VERSION = 5.0;
				TARGETED_DEVICE_FAMILY = "1,2";
			};
			name = Release;
		};
/* End XCBuildConfiguration section */

/* Begin XCConfigurationList section */
		1232B3A72CD1D3DE00C48414 /* Build configuration list for PBXProject "BlueberrySmoothie" */ = {
			isa = XCConfigurationList;
			buildConfigurations = (
				1232B3CE2CD1D3DF00C48414 /* Debug */,
				1232B3CF2CD1D3DF00C48414 /* Release */,
			);
			defaultConfigurationIsVisible = 0;
			defaultConfigurationName = Release;
		};
		1232B3D02CD1D3DF00C48414 /* Build configuration list for PBXNativeTarget "BlueBerrySmoothie" */ = {
			isa = XCConfigurationList;
			buildConfigurations = (
				1232B3D12CD1D3DF00C48414 /* Debug */,
				1232B3D22CD1D3DF00C48414 /* Release */,
			);
			defaultConfigurationIsVisible = 0;
			defaultConfigurationName = Release;
		};
/* End XCConfigurationList section */
	};
	rootObject = 1232B3A42CD1D3DE00C48414 /* Project object */;
}
