// !$*UTF8*$!
{
	archiveVersion = 1;
	classes = {
	};
	objectVersion = 56;
	objects = {

/* Begin PBXBuildFile section */
		121D491B2CE1B46B00EF5269 /* NowBusLocationViewModel.swift in Sources */ = {isa = PBXBuildFile; fileRef = 121D491A2CE1B46B00EF5269 /* NowBusLocationViewModel.swift */; };
		121D491D2CE1B49000EF5269 /* BusLocationModel.swift in Sources */ = {isa = PBXBuildFile; fileRef = 121D491C2CE1B49000EF5269 /* BusLocationModel.swift */; };
		121D491F2CE1B4A300EF5269 /* BusLocationDecoderModel.swift in Sources */ = {isa = PBXBuildFile; fileRef = 121D491E2CE1B4A300EF5269 /* BusLocationDecoderModel.swift */; };
		121D49212CE1B4E000EF5269 /* FetchBusLocationAPI.swift in Sources */ = {isa = PBXBuildFile; fileRef = 121D49202CE1B4E000EF5269 /* FetchBusLocationAPI.swift */; };
		1232B3B02CD1D3DE00C48414 /* BlueBerrySmoothieApp.swift in Sources */ = {isa = PBXBuildFile; fileRef = 1232B3AF2CD1D3DE00C48414 /* BlueBerrySmoothieApp.swift */; };
		1232B3B42CD1D3DF00C48414 /* Assets.xcassets in Resources */ = {isa = PBXBuildFile; fileRef = 1232B3B32CD1D3DF00C48414 /* Assets.xcassets */; };
		1232B3B72CD1D3DF00C48414 /* Preview Assets.xcassets in Resources */ = {isa = PBXBuildFile; fileRef = 1232B3B62CD1D3DF00C48414 /* Preview Assets.xcassets */; };
		1232B3DB2CD1D40500C48414 /* BusDecoderModel.swift in Sources */ = {isa = PBXBuildFile; fileRef = 1232B3DA2CD1D40500C48414 /* BusDecoderModel.swift */; };
		1232B3E42CD1D48600C48414 /* FetchBusAPI.swift in Sources */ = {isa = PBXBuildFile; fileRef = 1232B3E32CD1D48600C48414 /* FetchBusAPI.swift */; };
		12D2B6C62CD36E70005CF771 /* SelectBusStopView.swift in Sources */ = {isa = PBXBuildFile; fileRef = 12D2B6C52CD36E70005CF771 /* SelectBusStopView.swift */; };
		12D2B6C82CD36E94005CF771 /* BusStopModel.swift in Sources */ = {isa = PBXBuildFile; fileRef = 12D2B6C72CD36E94005CF771 /* BusStopModel.swift */; };
		12D2B6CA2CD36ED8005CF771 /* BusStopDecoderModel.swift in Sources */ = {isa = PBXBuildFile; fileRef = 12D2B6C92CD36ED8005CF771 /* BusStopDecoderModel.swift */; };
		12D2B6CC2CD3706F005CF771 /* fetchBusStopAPI.swift in Sources */ = {isa = PBXBuildFile; fileRef = 12D2B6CB2CD3706F005CF771 /* fetchBusStopAPI.swift */; };
		12D2B6CF2CD3ABAF005CF771 /* BusStopViewModel.swift in Sources */ = {isa = PBXBuildFile; fileRef = 12D2B6CE2CD3ABAF005CF771 /* BusStopViewModel.swift */; };
		12D2B6D12CD3B104005CF771 /* NetworkHelper.swift in Sources */ = {isa = PBXBuildFile; fileRef = 12D2B6D02CD3B104005CF771 /* NetworkHelper.swift */; };
		12D2B6D42CD3F5BE005CF771 /* getAPIKey.swift in Sources */ = {isa = PBXBuildFile; fileRef = 12D2B6D32CD3F5BD005CF771 /* getAPIKey.swift */; };
		12D2B6D82CD63D6A005CF771 /* AlertModel.swift in Sources */ = {isa = PBXBuildFile; fileRef = 12D2B6D72CD63D6A005CF771 /* AlertModel.swift */; };
		8B0860F72CDDA237007C109A /* HapticManager.swift in Sources */ = {isa = PBXBuildFile; fileRef = 8B0860F62CDDA237007C109A /* HapticManager.swift */; };
		8B0860F92CE1A0A9007C109A /* silentSound.wav in Resources */ = {isa = PBXBuildFile; fileRef = 8B0860F82CE1A0A8007C109A /* silentSound.wav */; };
		8B0860FB2CE1DDE3007C109A /* ToastMessage.swift in Sources */ = {isa = PBXBuildFile; fileRef = 8B0860FA2CE1DDE3007C109A /* ToastMessage.swift */; };
		8B0861052CE88F4B007C109A /* AlertStopMapView.swift in Sources */ = {isa = PBXBuildFile; fileRef = 8B0861042CE88F4B007C109A /* AlertStopMapView.swift */; };
		8BF2EFA82CD3A7F2008A6644 /* Alert.swift in Sources */ = {isa = PBXBuildFile; fileRef = 8BF2EFA72CD3A7F2008A6644 /* Alert.swift */; };
		8BF2EFAA2CD3AA2B008A6644 /* NotificationManager.swift in Sources */ = {isa = PBXBuildFile; fileRef = 8BF2EFA92CD3AA2B008A6644 /* NotificationManager.swift */; };
		8BF2EFAC2CD3AA44008A6644 /* LocationManager.swift in Sources */ = {isa = PBXBuildFile; fileRef = 8BF2EFAB2CD3AA44008A6644 /* LocationManager.swift */; };
		8BF2EFB52CD92BE0008A6644 /* HapticHelper.swift in Sources */ = {isa = PBXBuildFile; fileRef = 8BF2EFB42CD92BE0008A6644 /* HapticHelper.swift */; };
		9D0C411B2CDA3D780005A6CC /* StationPickerModal.swift in Sources */ = {isa = PBXBuildFile; fileRef = 9D0C411A2CDA3D780005A6CC /* StationPickerModal.swift */; };
		9DBC2A442CDC6F4D00EB19A9 /* UsingAlertView.swift in Sources */ = {isa = PBXBuildFile; fileRef = 9DBC2A432CDC6F4D00EB19A9 /* UsingAlertView.swift */; };
		9DEA523F2CD362CA00A3AE68 /* SelectBusView.swift in Sources */ = {isa = PBXBuildFile; fileRef = 9DEA523E2CD362C100A3AE68 /* SelectBusView.swift */; };
		9DEA52412CD3630200A3AE68 /* CityDecoderModel.swift in Sources */ = {isa = PBXBuildFile; fileRef = 9DEA52402CD362FC00A3AE68 /* CityDecoderModel.swift */; };
		9DEA52432CD3637C00A3AE68 /* BusModel.swift in Sources */ = {isa = PBXBuildFile; fileRef = 9DEA52422CD3637900A3AE68 /* BusModel.swift */; };
		9DEA52452CD3639100A3AE68 /* CityModel.swift in Sources */ = {isa = PBXBuildFile; fileRef = 9DEA52442CD3638E00A3AE68 /* CityModel.swift */; };
		9DEA52472CD363AD00A3AE68 /* FetchCityAPI.swift in Sources */ = {isa = PBXBuildFile; fileRef = 9DEA52462CD363A100A3AE68 /* FetchCityAPI.swift */; };
		9DEA524C2CD3B79B00A3AE68 /* ScrollingTextView.swift in Sources */ = {isa = PBXBuildFile; fileRef = 9DEA524B2CD3B79B00A3AE68 /* ScrollingTextView.swift */; };
		9DEA524E2CD46EF400A3AE68 /* BusDetailView.swift in Sources */ = {isa = PBXBuildFile; fileRef = 9DEA524D2CD46EF400A3AE68 /* BusDetailView.swift */; };
		9DEA52502CD4D56400A3AE68 /* busColor.swift in Sources */ = {isa = PBXBuildFile; fileRef = 9DEA524F2CD4D56400A3AE68 /* busColor.swift */; };
		9DEA52522CD4D57A00A3AE68 /* filterBuses.swift in Sources */ = {isa = PBXBuildFile; fileRef = 9DEA52512CD4D57A00A3AE68 /* filterBuses.swift */; };
		9DEA52542CD4D5B500A3AE68 /* FetchAllBusData.swift in Sources */ = {isa = PBXBuildFile; fileRef = 9DEA52532CD4D5B500A3AE68 /* FetchAllBusData.swift */; };
		D90E0C1A2CD89CB20089883F /* AlertSettingMain.swift in Sources */ = {isa = PBXBuildFile; fileRef = D90E0C192CD89CB20089883F /* AlertSettingMain.swift */; };
		D968D5C62CD89EC4002DF70B /* ActionButton.swift in Sources */ = {isa = PBXBuildFile; fileRef = D968D5C52CD89EC4002DF70B /* ActionButton.swift */; };
		D968D5C82CD89EF4002DF70B /* SavedBus.swift in Sources */ = {isa = PBXBuildFile; fileRef = D968D5C72CD89EF4002DF70B /* SavedBus.swift */; };
		D968D5CA2CD912C5002DF70B /* MainView.swift in Sources */ = {isa = PBXBuildFile; fileRef = D968D5C92CD912C5002DF70B /* MainView.swift */; };
		D968D6002CDB165B002DF70B /* UIfont.swift in Sources */ = {isa = PBXBuildFile; fileRef = D968D5F82CDB165B002DF70B /* UIfont.swift */; };
		D968D6012CDB165B002DF70B /* SpoqaHanSansNeo-Bold.otf in Resources */ = {isa = PBXBuildFile; fileRef = D968D5F32CDB165B002DF70B /* SpoqaHanSansNeo-Bold.otf */; };
		D968D6022CDB165B002DF70B /* SpoqaHanSansNeo-Medium.otf in Resources */ = {isa = PBXBuildFile; fileRef = D968D5F52CDB165B002DF70B /* SpoqaHanSansNeo-Medium.otf */; };
		D968D6032CDB165B002DF70B /* SpoqaHanSansNeo-Light.otf in Resources */ = {isa = PBXBuildFile; fileRef = D968D5F42CDB165B002DF70B /* SpoqaHanSansNeo-Light.otf */; };
		D968D6042CDB165B002DF70B /* SpoqaHanSansNeo-Thin.otf in Resources */ = {isa = PBXBuildFile; fileRef = D968D5F72CDB165B002DF70B /* SpoqaHanSansNeo-Thin.otf */; };
		D968D6052CDB165B002DF70B /* SpoqaHanSansNeo-Regular.otf in Resources */ = {isa = PBXBuildFile; fileRef = D968D5F62CDB165B002DF70B /* SpoqaHanSansNeo-Regular.otf */; };
/* End PBXBuildFile section */

/* Begin PBXFileReference section */
		121D491A2CE1B46B00EF5269 /* NowBusLocationViewModel.swift */ = {isa = PBXFileReference; lastKnownFileType = sourcecode.swift; path = NowBusLocationViewModel.swift; sourceTree = "<group>"; };
		121D491C2CE1B49000EF5269 /* BusLocationModel.swift */ = {isa = PBXFileReference; lastKnownFileType = sourcecode.swift; path = BusLocationModel.swift; sourceTree = "<group>"; };
		121D491E2CE1B4A300EF5269 /* BusLocationDecoderModel.swift */ = {isa = PBXFileReference; lastKnownFileType = sourcecode.swift; path = BusLocationDecoderModel.swift; sourceTree = "<group>"; };
		121D49202CE1B4E000EF5269 /* FetchBusLocationAPI.swift */ = {isa = PBXFileReference; lastKnownFileType = sourcecode.swift; path = FetchBusLocationAPI.swift; sourceTree = "<group>"; };
		1232B3AC2CD1D3DE00C48414 /* BlueBerrySmoothie.app */ = {isa = PBXFileReference; explicitFileType = wrapper.application; includeInIndex = 0; path = BlueBerrySmoothie.app; sourceTree = BUILT_PRODUCTS_DIR; };
		1232B3AF2CD1D3DE00C48414 /* BlueBerrySmoothieApp.swift */ = {isa = PBXFileReference; lastKnownFileType = sourcecode.swift; path = BlueBerrySmoothieApp.swift; sourceTree = "<group>"; };
		1232B3B32CD1D3DF00C48414 /* Assets.xcassets */ = {isa = PBXFileReference; lastKnownFileType = folder.assetcatalog; path = Assets.xcassets; sourceTree = "<group>"; };
		1232B3B62CD1D3DF00C48414 /* Preview Assets.xcassets */ = {isa = PBXFileReference; lastKnownFileType = folder.assetcatalog; path = "Preview Assets.xcassets"; sourceTree = "<group>"; };
		1232B3DA2CD1D40500C48414 /* BusDecoderModel.swift */ = {isa = PBXFileReference; lastKnownFileType = sourcecode.swift; path = BusDecoderModel.swift; sourceTree = "<group>"; };
		1232B3E32CD1D48600C48414 /* FetchBusAPI.swift */ = {isa = PBXFileReference; lastKnownFileType = sourcecode.swift; path = FetchBusAPI.swift; sourceTree = "<group>"; };
		12D2B6C52CD36E70005CF771 /* SelectBusStopView.swift */ = {isa = PBXFileReference; lastKnownFileType = sourcecode.swift; path = SelectBusStopView.swift; sourceTree = "<group>"; };
		12D2B6C72CD36E94005CF771 /* BusStopModel.swift */ = {isa = PBXFileReference; lastKnownFileType = sourcecode.swift; path = BusStopModel.swift; sourceTree = "<group>"; };
		12D2B6C92CD36ED8005CF771 /* BusStopDecoderModel.swift */ = {isa = PBXFileReference; lastKnownFileType = sourcecode.swift; path = BusStopDecoderModel.swift; sourceTree = "<group>"; };
		12D2B6CB2CD3706F005CF771 /* fetchBusStopAPI.swift */ = {isa = PBXFileReference; lastKnownFileType = sourcecode.swift; path = fetchBusStopAPI.swift; sourceTree = "<group>"; };
		12D2B6CE2CD3ABAF005CF771 /* BusStopViewModel.swift */ = {isa = PBXFileReference; lastKnownFileType = sourcecode.swift; path = BusStopViewModel.swift; sourceTree = "<group>"; };
		12D2B6D02CD3B104005CF771 /* NetworkHelper.swift */ = {isa = PBXFileReference; lastKnownFileType = sourcecode.swift; path = NetworkHelper.swift; sourceTree = "<group>"; };
		12D2B6D22CD3F50F005CF771 /* Config.xcconfig */ = {isa = PBXFileReference; lastKnownFileType = text.xcconfig; path = Config.xcconfig; sourceTree = "<group>"; };
		12D2B6D32CD3F5BD005CF771 /* getAPIKey.swift */ = {isa = PBXFileReference; lastKnownFileType = sourcecode.swift; path = getAPIKey.swift; sourceTree = "<group>"; };
		12D2B6D72CD63D6A005CF771 /* AlertModel.swift */ = {isa = PBXFileReference; lastKnownFileType = sourcecode.swift; path = AlertModel.swift; sourceTree = "<group>"; };
		8B0860F62CDDA237007C109A /* HapticManager.swift */ = {isa = PBXFileReference; lastKnownFileType = sourcecode.swift; path = HapticManager.swift; sourceTree = "<group>"; };
		8B0860F82CE1A0A8007C109A /* silentSound.wav */ = {isa = PBXFileReference; lastKnownFileType = audio.wav; path = silentSound.wav; sourceTree = "<group>"; };
		8B0860FA2CE1DDE3007C109A /* ToastMessage.swift */ = {isa = PBXFileReference; lastKnownFileType = sourcecode.swift; path = ToastMessage.swift; sourceTree = "<group>"; };
		8B0861042CE88F4B007C109A /* AlertStopMapView.swift */ = {isa = PBXFileReference; lastKnownFileType = sourcecode.swift; path = AlertStopMapView.swift; sourceTree = "<group>"; };
		8BF2EFA72CD3A7F2008A6644 /* Alert.swift */ = {isa = PBXFileReference; lastKnownFileType = sourcecode.swift; path = Alert.swift; sourceTree = "<group>"; };
		8BF2EFA92CD3AA2B008A6644 /* NotificationManager.swift */ = {isa = PBXFileReference; lastKnownFileType = sourcecode.swift; path = NotificationManager.swift; sourceTree = "<group>"; };
		8BF2EFAB2CD3AA44008A6644 /* LocationManager.swift */ = {isa = PBXFileReference; lastKnownFileType = sourcecode.swift; path = LocationManager.swift; sourceTree = "<group>"; };
		8BF2EFAF2CD3AABF008A6644 /* Info.plist */ = {isa = PBXFileReference; lastKnownFileType = text.plist; path = Info.plist; sourceTree = "<group>"; };
		8BF2EFB42CD92BE0008A6644 /* HapticHelper.swift */ = {isa = PBXFileReference; lastKnownFileType = sourcecode.swift; path = HapticHelper.swift; sourceTree = "<group>"; };
		9D0C411A2CDA3D780005A6CC /* StationPickerModal.swift */ = {isa = PBXFileReference; lastKnownFileType = sourcecode.swift; path = StationPickerModal.swift; sourceTree = "<group>"; };
		9DBC2A432CDC6F4D00EB19A9 /* UsingAlertView.swift */ = {isa = PBXFileReference; lastKnownFileType = sourcecode.swift; path = UsingAlertView.swift; sourceTree = "<group>"; };
		9DEA523E2CD362C100A3AE68 /* SelectBusView.swift */ = {isa = PBXFileReference; lastKnownFileType = sourcecode.swift; path = SelectBusView.swift; sourceTree = "<group>"; };
		9DEA52402CD362FC00A3AE68 /* CityDecoderModel.swift */ = {isa = PBXFileReference; lastKnownFileType = sourcecode.swift; path = CityDecoderModel.swift; sourceTree = "<group>"; };
		9DEA52422CD3637900A3AE68 /* BusModel.swift */ = {isa = PBXFileReference; lastKnownFileType = sourcecode.swift; path = BusModel.swift; sourceTree = "<group>"; };
		9DEA52442CD3638E00A3AE68 /* CityModel.swift */ = {isa = PBXFileReference; lastKnownFileType = sourcecode.swift; path = CityModel.swift; sourceTree = "<group>"; };
		9DEA52462CD363A100A3AE68 /* FetchCityAPI.swift */ = {isa = PBXFileReference; lastKnownFileType = sourcecode.swift; path = FetchCityAPI.swift; sourceTree = "<group>"; };
		9DEA524B2CD3B79B00A3AE68 /* ScrollingTextView.swift */ = {isa = PBXFileReference; lastKnownFileType = sourcecode.swift; path = ScrollingTextView.swift; sourceTree = "<group>"; };
		9DEA524D2CD46EF400A3AE68 /* BusDetailView.swift */ = {isa = PBXFileReference; lastKnownFileType = sourcecode.swift; path = BusDetailView.swift; sourceTree = "<group>"; };
		9DEA524F2CD4D56400A3AE68 /* busColor.swift */ = {isa = PBXFileReference; lastKnownFileType = sourcecode.swift; path = busColor.swift; sourceTree = "<group>"; };
		9DEA52512CD4D57A00A3AE68 /* filterBuses.swift */ = {isa = PBXFileReference; lastKnownFileType = sourcecode.swift; path = filterBuses.swift; sourceTree = "<group>"; };
		9DEA52532CD4D5B500A3AE68 /* FetchAllBusData.swift */ = {isa = PBXFileReference; lastKnownFileType = sourcecode.swift; path = FetchAllBusData.swift; sourceTree = "<group>"; };
		D90E0C192CD89CB20089883F /* AlertSettingMain.swift */ = {isa = PBXFileReference; lastKnownFileType = sourcecode.swift; path = AlertSettingMain.swift; sourceTree = "<group>"; };
		D968D5C52CD89EC4002DF70B /* ActionButton.swift */ = {isa = PBXFileReference; lastKnownFileType = sourcecode.swift; path = ActionButton.swift; sourceTree = "<group>"; };
		D968D5C72CD89EF4002DF70B /* SavedBus.swift */ = {isa = PBXFileReference; lastKnownFileType = sourcecode.swift; path = SavedBus.swift; sourceTree = "<group>"; };
		D968D5C92CD912C5002DF70B /* MainView.swift */ = {isa = PBXFileReference; lastKnownFileType = sourcecode.swift; path = MainView.swift; sourceTree = "<group>"; };
		D968D5F32CDB165B002DF70B /* SpoqaHanSansNeo-Bold.otf */ = {isa = PBXFileReference; lastKnownFileType = file; path = "SpoqaHanSansNeo-Bold.otf"; sourceTree = "<group>"; };
		D968D5F42CDB165B002DF70B /* SpoqaHanSansNeo-Light.otf */ = {isa = PBXFileReference; lastKnownFileType = file; path = "SpoqaHanSansNeo-Light.otf"; sourceTree = "<group>"; };
		D968D5F52CDB165B002DF70B /* SpoqaHanSansNeo-Medium.otf */ = {isa = PBXFileReference; lastKnownFileType = file; path = "SpoqaHanSansNeo-Medium.otf"; sourceTree = "<group>"; };
		D968D5F62CDB165B002DF70B /* SpoqaHanSansNeo-Regular.otf */ = {isa = PBXFileReference; lastKnownFileType = file; path = "SpoqaHanSansNeo-Regular.otf"; sourceTree = "<group>"; };
		D968D5F72CDB165B002DF70B /* SpoqaHanSansNeo-Thin.otf */ = {isa = PBXFileReference; lastKnownFileType = file; path = "SpoqaHanSansNeo-Thin.otf"; sourceTree = "<group>"; };
		D968D5F82CDB165B002DF70B /* UIfont.swift */ = {isa = PBXFileReference; lastKnownFileType = sourcecode.swift; path = UIfont.swift; sourceTree = "<group>"; };
/* End PBXFileReference section */

/* Begin PBXFrameworksBuildPhase section */
		1232B3A92CD1D3DE00C48414 /* Frameworks */ = {
			isa = PBXFrameworksBuildPhase;
			buildActionMask = 2147483647;
			files = (
			);
			runOnlyForDeploymentPostprocessing = 0;
		};
/* End PBXFrameworksBuildPhase section */

/* Begin PBXGroup section */
		121D49222CE1B5E600EF5269 /* Resource */ = {
			isa = PBXGroup;
			children = (
				D968D5F82CDB165B002DF70B /* UIfont.swift */,
				8B0860F82CE1A0A8007C109A /* silentSound.wav */,
				D968D5F92CDB165B002DF70B /* Fonts */,
			);
			path = Resource;
			sourceTree = "<group>";
		};
		1232B3A32CD1D3DE00C48414 = {
			isa = PBXGroup;
			children = (
				1232B3AE2CD1D3DE00C48414 /* BlueBerrySmoothie */,
				1232B3AD2CD1D3DE00C48414 /* Products */,
			);
			sourceTree = "<group>";
		};
		1232B3AD2CD1D3DE00C48414 /* Products */ = {
			isa = PBXGroup;
			children = (
				1232B3AC2CD1D3DE00C48414 /* BlueBerrySmoothie.app */,
			);
			name = Products;
			sourceTree = "<group>";
		};
		1232B3AE2CD1D3DE00C48414 /* BlueBerrySmoothie */ = {
			isa = PBXGroup;
			children = (
				8BF2EFAF2CD3AABF008A6644 /* Info.plist */,
				121D49222CE1B5E600EF5269 /* Resource */,
				D90E0C112CD89C620089883F /* Component */,
				12D2B6D22CD3F50F005CF771 /* Config.xcconfig */,
				1232B3E92CD1D4E800C48414 /* App */,
				1232B3E52CD1D49000C48414 /* Manager */,
				1232B3E22CD1D46E00C48414 /* Network */,
				1232B3DF2CD1D45A00C48414 /* Helper */,
				1232B3DC2CD1D40800C48414 /* View */,
				12D2B6CD2CD3AB97005CF771 /* ViewModel */,
				1232B3D92CD1D3F700C48414 /* Model */,
				1232B3B32CD1D3DF00C48414 /* Assets.xcassets */,
				1232B3B52CD1D3DF00C48414 /* Preview Content */,
			);
			path = BlueBerrySmoothie;
			sourceTree = "<group>";
		};
		1232B3B52CD1D3DF00C48414 /* Preview Content */ = {
			isa = PBXGroup;
			children = (
				1232B3B62CD1D3DF00C48414 /* Preview Assets.xcassets */,
			);
			path = "Preview Content";
			sourceTree = "<group>";
		};
		1232B3D92CD1D3F700C48414 /* Model */ = {
			isa = PBXGroup;
			children = (
				8BF2EFA72CD3A7F2008A6644 /* Alert.swift */,
				9DEA52402CD362FC00A3AE68 /* CityDecoderModel.swift */,
				9DEA52442CD3638E00A3AE68 /* CityModel.swift */,
				1232B3DA2CD1D40500C48414 /* BusDecoderModel.swift */,
				9DEA52422CD3637900A3AE68 /* BusModel.swift */,
				12D2B6C72CD36E94005CF771 /* BusStopModel.swift */,
				12D2B6C92CD36ED8005CF771 /* BusStopDecoderModel.swift */,
				12D2B6D72CD63D6A005CF771 /* AlertModel.swift */,
				121D491C2CE1B49000EF5269 /* BusLocationModel.swift */,
				121D491E2CE1B4A300EF5269 /* BusLocationDecoderModel.swift */,
			);
			path = Model;
			sourceTree = "<group>";
		};
		1232B3DC2CD1D40800C48414 /* View */ = {
			isa = PBXGroup;
			children = (
				9DBC2A432CDC6F4D00EB19A9 /* UsingAlertView.swift */,
				9D0C411A2CDA3D780005A6CC /* StationPickerModal.swift */,
				9DEA524D2CD46EF400A3AE68 /* BusDetailView.swift */,
				9DEA524B2CD3B79B00A3AE68 /* ScrollingTextView.swift */,
				D90E0C192CD89CB20089883F /* AlertSettingMain.swift */,
				9DEA523E2CD362C100A3AE68 /* SelectBusView.swift */,
				12D2B6C52CD36E70005CF771 /* SelectBusStopView.swift */,
				D968D5C92CD912C5002DF70B /* MainView.swift */,
				8B0861042CE88F4B007C109A /* AlertStopMapView.swift */,
			);
			path = View;
			sourceTree = "<group>";
		};
		1232B3DF2CD1D45A00C48414 /* Helper */ = {
			isa = PBXGroup;
			children = (
				8BF2EFB42CD92BE0008A6644 /* HapticHelper.swift */,
				12D2B6D02CD3B104005CF771 /* NetworkHelper.swift */,
				12D2B6D32CD3F5BD005CF771 /* getAPIKey.swift */,
			);
			path = Helper;
			sourceTree = "<group>";
		};
		1232B3E22CD1D46E00C48414 /* Network */ = {
			isa = PBXGroup;
			children = (
				1232B3E32CD1D48600C48414 /* FetchBusAPI.swift */,
				9DEA52462CD363A100A3AE68 /* FetchCityAPI.swift */,
				12D2B6CB2CD3706F005CF771 /* fetchBusStopAPI.swift */,
				121D49202CE1B4E000EF5269 /* FetchBusLocationAPI.swift */,
			);
			path = Network;
			sourceTree = "<group>";
		};
		1232B3E52CD1D49000C48414 /* Manager */ = {
			isa = PBXGroup;
			children = (
				8BF2EFA92CD3AA2B008A6644 /* NotificationManager.swift */,
				8BF2EFAB2CD3AA44008A6644 /* LocationManager.swift */,
				9DEA52532CD4D5B500A3AE68 /* FetchAllBusData.swift */,
				9DEA52512CD4D57A00A3AE68 /* filterBuses.swift */,
				9DEA524F2CD4D56400A3AE68 /* busColor.swift */,
				8B0860F62CDDA237007C109A /* HapticManager.swift */,
			);
			path = Manager;
			sourceTree = "<group>";
		};
		1232B3E92CD1D4E800C48414 /* App */ = {
			isa = PBXGroup;
			children = (
				1232B3AF2CD1D3DE00C48414 /* BlueBerrySmoothieApp.swift */,
			);
			path = App;
			sourceTree = "<group>";
		};
		12D2B6CD2CD3AB97005CF771 /* ViewModel */ = {
			isa = PBXGroup;
			children = (
				12D2B6CE2CD3ABAF005CF771 /* BusStopViewModel.swift */,
				121D491A2CE1B46B00EF5269 /* NowBusLocationViewModel.swift */,
			);
			path = ViewModel;
			sourceTree = "<group>";
		};
		D90E0C112CD89C620089883F /* Component */ = {
			isa = PBXGroup;
			children = (
				D968D5C72CD89EF4002DF70B /* SavedBus.swift */,
				D968D5C52CD89EC4002DF70B /* ActionButton.swift */,
				8B0860FA2CE1DDE3007C109A /* ToastMessage.swift */,
			);
			path = Component;
			sourceTree = "<group>";
		};
		D968D5F92CDB165B002DF70B /* Fonts */ = {
			isa = PBXGroup;
			children = (
				D968D5F32CDB165B002DF70B /* SpoqaHanSansNeo-Bold.otf */,
				D968D5F42CDB165B002DF70B /* SpoqaHanSansNeo-Light.otf */,
				D968D5F52CDB165B002DF70B /* SpoqaHanSansNeo-Medium.otf */,
				D968D5F62CDB165B002DF70B /* SpoqaHanSansNeo-Regular.otf */,
				D968D5F72CDB165B002DF70B /* SpoqaHanSansNeo-Thin.otf */,
			);
			path = Fonts;
			sourceTree = "<group>";
		};
/* End PBXGroup section */

/* Begin PBXNativeTarget section */
		1232B3AB2CD1D3DE00C48414 /* BlueBerrySmoothie */ = {
			isa = PBXNativeTarget;
			buildConfigurationList = 1232B3D02CD1D3DF00C48414 /* Build configuration list for PBXNativeTarget "BlueBerrySmoothie" */;
			buildPhases = (
				1232B3A82CD1D3DE00C48414 /* Sources */,
				1232B3A92CD1D3DE00C48414 /* Frameworks */,
				1232B3AA2CD1D3DE00C48414 /* Resources */,
			);
			buildRules = (
			);
			dependencies = (
			);
			name = BlueBerrySmoothie;
			productName = BlueBerrySmoothie;
			productReference = 1232B3AC2CD1D3DE00C48414 /* BlueBerrySmoothie.app */;
			productType = "com.apple.product-type.application";
		};
/* End PBXNativeTarget section */

/* Begin PBXProject section */
		1232B3A42CD1D3DE00C48414 /* Project object */ = {
			isa = PBXProject;
			attributes = {
				BuildIndependentTargetsInParallel = 1;
				LastSwiftUpdateCheck = 1520;
				LastUpgradeCheck = 1520;
				TargetAttributes = {
					1232B3AB2CD1D3DE00C48414 = {
						CreatedOnToolsVersion = 15.2;
					};
				};
			};
			buildConfigurationList = 1232B3A72CD1D3DE00C48414 /* Build configuration list for PBXProject "BlueberrySmoothie" */;
			compatibilityVersion = "Xcode 14.0";
			developmentRegion = en;
			hasScannedForEncodings = 0;
			knownRegions = (
				en,
				Base,
			);
			mainGroup = 1232B3A32CD1D3DE00C48414;
			productRefGroup = 1232B3AD2CD1D3DE00C48414 /* Products */;
			projectDirPath = "";
			projectRoot = "";
			targets = (
				1232B3AB2CD1D3DE00C48414 /* BlueBerrySmoothie */,
			);
		};
/* End PBXProject section */

/* Begin PBXResourcesBuildPhase section */
		1232B3AA2CD1D3DE00C48414 /* Resources */ = {
			isa = PBXResourcesBuildPhase;
			buildActionMask = 2147483647;
			files = (
				D968D6012CDB165B002DF70B /* SpoqaHanSansNeo-Bold.otf in Resources */,
				D968D6022CDB165B002DF70B /* SpoqaHanSansNeo-Medium.otf in Resources */,
				D968D6032CDB165B002DF70B /* SpoqaHanSansNeo-Light.otf in Resources */,
				8B0860F92CE1A0A9007C109A /* silentSound.wav in Resources */,
				D968D6042CDB165B002DF70B /* SpoqaHanSansNeo-Thin.otf in Resources */,
				D968D6052CDB165B002DF70B /* SpoqaHanSansNeo-Regular.otf in Resources */,
				1232B3B72CD1D3DF00C48414 /* Preview Assets.xcassets in Resources */,
				1232B3B42CD1D3DF00C48414 /* Assets.xcassets in Resources */,
			);
			runOnlyForDeploymentPostprocessing = 0;
		};
/* End PBXResourcesBuildPhase section */

/* Begin PBXSourcesBuildPhase section */
		1232B3A82CD1D3DE00C48414 /* Sources */ = {
			isa = PBXSourcesBuildPhase;
			buildActionMask = 2147483647;
			files = (
				8B0860F72CDDA237007C109A /* HapticManager.swift in Sources */,
				8BF2EFB52CD92BE0008A6644 /* HapticHelper.swift in Sources */,
				8BF2EFAA2CD3AA2B008A6644 /* NotificationManager.swift in Sources */,
				8BF2EFA82CD3A7F2008A6644 /* Alert.swift in Sources */,
				1232B3B02CD1D3DE00C48414 /* BlueBerrySmoothieApp.swift in Sources */,
				8BF2EFAC2CD3AA44008A6644 /* LocationManager.swift in Sources */,
				12D2B6D42CD3F5BE005CF771 /* getAPIKey.swift in Sources */,
				1232B3DB2CD1D40500C48414 /* BusDecoderModel.swift in Sources */,
				9DEA523F2CD362CA00A3AE68 /* SelectBusView.swift in Sources */,
				8B0861052CE88F4B007C109A /* AlertStopMapView.swift in Sources */,
				D90E0C1A2CD89CB20089883F /* AlertSettingMain.swift in Sources */,
				12D2B6D82CD63D6A005CF771 /* AlertModel.swift in Sources */,
				9DEA52432CD3637C00A3AE68 /* BusModel.swift in Sources */,
				9DEA52412CD3630200A3AE68 /* CityDecoderModel.swift in Sources */,
				9DEA52502CD4D56400A3AE68 /* busColor.swift in Sources */,
				9DEA524E2CD46EF400A3AE68 /* BusDetailView.swift in Sources */,
				9D0C411B2CDA3D780005A6CC /* StationPickerModal.swift in Sources */,
				12D2B6CC2CD3706F005CF771 /* fetchBusStopAPI.swift in Sources */,
				D968D5CA2CD912C5002DF70B /* MainView.swift in Sources */,
				8B0860FB2CE1DDE3007C109A /* ToastMessage.swift in Sources */,
				1232B3E42CD1D48600C48414 /* FetchBusAPI.swift in Sources */,
				121D49212CE1B4E000EF5269 /* FetchBusLocationAPI.swift in Sources */,
				9DEA52522CD4D57A00A3AE68 /* filterBuses.swift in Sources */,
				D968D5C62CD89EC4002DF70B /* ActionButton.swift in Sources */,
				121D491D2CE1B49000EF5269 /* BusLocationModel.swift in Sources */,
				12D2B6D12CD3B104005CF771 /* NetworkHelper.swift in Sources */,
				9DEA52472CD363AD00A3AE68 /* FetchCityAPI.swift in Sources */,
				9DEA524C2CD3B79B00A3AE68 /* ScrollingTextView.swift in Sources */,
				9DEA52452CD3639100A3AE68 /* CityModel.swift in Sources */,
				D968D5C82CD89EF4002DF70B /* SavedBus.swift in Sources */,
				9DEA52542CD4D5B500A3AE68 /* FetchAllBusData.swift in Sources */,
				121D491B2CE1B46B00EF5269 /* NowBusLocationViewModel.swift in Sources */,
				12D2B6CA2CD36ED8005CF771 /* BusStopDecoderModel.swift in Sources */,
				D968D6002CDB165B002DF70B /* UIfont.swift in Sources */,
				12D2B6C82CD36E94005CF771 /* BusStopModel.swift in Sources */,
				9DBC2A442CDC6F4D00EB19A9 /* UsingAlertView.swift in Sources */,
				12D2B6C62CD36E70005CF771 /* SelectBusStopView.swift in Sources */,
				121D491F2CE1B4A300EF5269 /* BusLocationDecoderModel.swift in Sources */,
				12D2B6CF2CD3ABAF005CF771 /* BusStopViewModel.swift in Sources */,
			);
			runOnlyForDeploymentPostprocessing = 0;
		};
/* End PBXSourcesBuildPhase section */

/* Begin XCBuildConfiguration section */
		1232B3CE2CD1D3DF00C48414 /* Debug */ = {
			isa = XCBuildConfiguration;
			buildSettings = {
				ALWAYS_SEARCH_USER_PATHS = NO;
				ASSETCATALOG_COMPILER_GENERATE_SWIFT_ASSET_SYMBOL_EXTENSIONS = YES;
				CLANG_ANALYZER_NONNULL = YES;
				CLANG_ANALYZER_NUMBER_OBJECT_CONVERSION = YES_AGGRESSIVE;
				CLANG_CXX_LANGUAGE_STANDARD = "gnu++20";
				CLANG_ENABLE_MODULES = YES;
				CLANG_ENABLE_OBJC_ARC = YES;
				CLANG_ENABLE_OBJC_WEAK = YES;
				CLANG_WARN_BLOCK_CAPTURE_AUTORELEASING = YES;
				CLANG_WARN_BOOL_CONVERSION = YES;
				CLANG_WARN_COMMA = YES;
				CLANG_WARN_CONSTANT_CONVERSION = YES;
				CLANG_WARN_DEPRECATED_OBJC_IMPLEMENTATIONS = YES;
				CLANG_WARN_DIRECT_OBJC_ISA_USAGE = YES_ERROR;
				CLANG_WARN_DOCUMENTATION_COMMENTS = YES;
				CLANG_WARN_EMPTY_BODY = YES;
				CLANG_WARN_ENUM_CONVERSION = YES;
				CLANG_WARN_INFINITE_RECURSION = YES;
				CLANG_WARN_INT_CONVERSION = YES;
				CLANG_WARN_NON_LITERAL_NULL_CONVERSION = YES;
				CLANG_WARN_OBJC_IMPLICIT_RETAIN_SELF = YES;
				CLANG_WARN_OBJC_LITERAL_CONVERSION = YES;
				CLANG_WARN_OBJC_ROOT_CLASS = YES_ERROR;
				CLANG_WARN_QUOTED_INCLUDE_IN_FRAMEWORK_HEADER = YES;
				CLANG_WARN_RANGE_LOOP_ANALYSIS = YES;
				CLANG_WARN_STRICT_PROTOTYPES = YES;
				CLANG_WARN_SUSPICIOUS_MOVE = YES;
				CLANG_WARN_UNGUARDED_AVAILABILITY = YES_AGGRESSIVE;
				CLANG_WARN_UNREACHABLE_CODE = YES;
				CLANG_WARN__DUPLICATE_METHOD_MATCH = YES;
				COPY_PHASE_STRIP = NO;
				DEBUG_INFORMATION_FORMAT = dwarf;
				ENABLE_STRICT_OBJC_MSGSEND = YES;
				ENABLE_TESTABILITY = YES;
				ENABLE_USER_SCRIPT_SANDBOXING = YES;
				GCC_C_LANGUAGE_STANDARD = gnu17;
				GCC_DYNAMIC_NO_PIC = NO;
				GCC_NO_COMMON_BLOCKS = YES;
				GCC_OPTIMIZATION_LEVEL = 0;
				GCC_PREPROCESSOR_DEFINITIONS = (
					"DEBUG=1",
					"$(inherited)",
				);
				GCC_WARN_64_TO_32_BIT_CONVERSION = YES;
				GCC_WARN_ABOUT_RETURN_TYPE = YES_ERROR;
				GCC_WARN_UNDECLARED_SELECTOR = YES;
				GCC_WARN_UNINITIALIZED_AUTOS = YES_AGGRESSIVE;
				GCC_WARN_UNUSED_FUNCTION = YES;
				GCC_WARN_UNUSED_VARIABLE = YES;
				IPHONEOS_DEPLOYMENT_TARGET = 17.2;
				LOCALIZATION_PREFERS_STRING_CATALOGS = YES;
				MTL_ENABLE_DEBUG_INFO = INCLUDE_SOURCE;
				MTL_FAST_MATH = YES;
				ONLY_ACTIVE_ARCH = YES;
				SDKROOT = iphoneos;
				SWIFT_ACTIVE_COMPILATION_CONDITIONS = "DEBUG $(inherited)";
				SWIFT_OPTIMIZATION_LEVEL = "-Onone";
			};
			name = Debug;
		};
		1232B3CF2CD1D3DF00C48414 /* Release */ = {
			isa = XCBuildConfiguration;
			buildSettings = {
				ALWAYS_SEARCH_USER_PATHS = NO;
				ASSETCATALOG_COMPILER_GENERATE_SWIFT_ASSET_SYMBOL_EXTENSIONS = YES;
				CLANG_ANALYZER_NONNULL = YES;
				CLANG_ANALYZER_NUMBER_OBJECT_CONVERSION = YES_AGGRESSIVE;
				CLANG_CXX_LANGUAGE_STANDARD = "gnu++20";
				CLANG_ENABLE_MODULES = YES;
				CLANG_ENABLE_OBJC_ARC = YES;
				CLANG_ENABLE_OBJC_WEAK = YES;
				CLANG_WARN_BLOCK_CAPTURE_AUTORELEASING = YES;
				CLANG_WARN_BOOL_CONVERSION = YES;
				CLANG_WARN_COMMA = YES;
				CLANG_WARN_CONSTANT_CONVERSION = YES;
				CLANG_WARN_DEPRECATED_OBJC_IMPLEMENTATIONS = YES;
				CLANG_WARN_DIRECT_OBJC_ISA_USAGE = YES_ERROR;
				CLANG_WARN_DOCUMENTATION_COMMENTS = YES;
				CLANG_WARN_EMPTY_BODY = YES;
				CLANG_WARN_ENUM_CONVERSION = YES;
				CLANG_WARN_INFINITE_RECURSION = YES;
				CLANG_WARN_INT_CONVERSION = YES;
				CLANG_WARN_NON_LITERAL_NULL_CONVERSION = YES;
				CLANG_WARN_OBJC_IMPLICIT_RETAIN_SELF = YES;
				CLANG_WARN_OBJC_LITERAL_CONVERSION = YES;
				CLANG_WARN_OBJC_ROOT_CLASS = YES_ERROR;
				CLANG_WARN_QUOTED_INCLUDE_IN_FRAMEWORK_HEADER = YES;
				CLANG_WARN_RANGE_LOOP_ANALYSIS = YES;
				CLANG_WARN_STRICT_PROTOTYPES = YES;
				CLANG_WARN_SUSPICIOUS_MOVE = YES;
				CLANG_WARN_UNGUARDED_AVAILABILITY = YES_AGGRESSIVE;
				CLANG_WARN_UNREACHABLE_CODE = YES;
				CLANG_WARN__DUPLICATE_METHOD_MATCH = YES;
				COPY_PHASE_STRIP = NO;
				DEBUG_INFORMATION_FORMAT = "dwarf-with-dsym";
				ENABLE_NS_ASSERTIONS = NO;
				ENABLE_STRICT_OBJC_MSGSEND = YES;
				ENABLE_USER_SCRIPT_SANDBOXING = YES;
				GCC_C_LANGUAGE_STANDARD = gnu17;
				GCC_NO_COMMON_BLOCKS = YES;
				GCC_WARN_64_TO_32_BIT_CONVERSION = YES;
				GCC_WARN_ABOUT_RETURN_TYPE = YES_ERROR;
				GCC_WARN_UNDECLARED_SELECTOR = YES;
				GCC_WARN_UNINITIALIZED_AUTOS = YES_AGGRESSIVE;
				GCC_WARN_UNUSED_FUNCTION = YES;
				GCC_WARN_UNUSED_VARIABLE = YES;
				IPHONEOS_DEPLOYMENT_TARGET = 17.2;
				LOCALIZATION_PREFERS_STRING_CATALOGS = YES;
				MTL_ENABLE_DEBUG_INFO = NO;
				MTL_FAST_MATH = YES;
				SDKROOT = iphoneos;
				SWIFT_COMPILATION_MODE = wholemodule;
				VALIDATE_PRODUCT = YES;
			};
			name = Release;
		};
		1232B3D12CD1D3DF00C48414 /* Debug */ = {
			isa = XCBuildConfiguration;
			baseConfigurationReference = 12D2B6D22CD3F50F005CF771 /* Config.xcconfig */;
			buildSettings = {
				ASSETCATALOG_COMPILER_APPICON_NAME = AppIcon;
				ASSETCATALOG_COMPILER_GLOBAL_ACCENT_COLOR_NAME = AccentColor;
				CODE_SIGN_STYLE = Automatic;
				CURRENT_PROJECT_VERSION = 1;
				DEVELOPMENT_ASSET_PATHS = "\"BlueBerrySmoothie/Preview Content\"";
				DEVELOPMENT_TEAM = GF3B5LP7RQ;
				ENABLE_PREVIEWS = YES;
				GENERATE_INFOPLIST_FILE = YES;
				INFOPLIST_FILE = BlueBerrySmoothie/Info.plist;
				INFOPLIST_KEY_CFBundleDisplayName = "핫챠";
				INFOPLIST_KEY_NSLocationAlwaysAndWhenInUseUsageDescription = "현재 위치를 기반으로 서비스 제공을 위해 위치 정보가 필요합니다.";
				INFOPLIST_KEY_NSLocationAlwaysUsageDescription = "앱이 백그라운드에서도 주변 장소를 보여주기 위해 위치 정보가 필요합니다.";
				INFOPLIST_KEY_NSLocationWhenInUseUsageDescription = "현재 위치를 기반으로 서비스 제공을 위해 위치 정보가 필요합니다.";
				INFOPLIST_KEY_UIApplicationSceneManifest_Generation = YES;
				INFOPLIST_KEY_UIApplicationSupportsIndirectInputEvents = YES;
				INFOPLIST_KEY_UILaunchScreen_Generation = YES;
				INFOPLIST_KEY_UISupportedInterfaceOrientations_iPad = "UIInterfaceOrientationPortrait UIInterfaceOrientationPortraitUpsideDown UIInterfaceOrientationLandscapeLeft UIInterfaceOrientationLandscapeRight";
				INFOPLIST_KEY_UISupportedInterfaceOrientations_iPhone = "UIInterfaceOrientationPortrait UIInterfaceOrientationLandscapeLeft UIInterfaceOrientationLandscapeRight";
				INFOPLIST_KEY_UIUserInterfaceStyle = Light;
				LD_RUNPATH_SEARCH_PATHS = (
					"$(inherited)",
					"@executable_path/Frameworks",
				);
				MARKETING_VERSION = 1.0;
				PRODUCT_BUNDLE_IDENTIFIER = com.team.blueberrySmoothie;
				PRODUCT_NAME = "$(TARGET_NAME)";
				SUPPORTED_PLATFORMS = "iphoneos iphonesimulator";
				SUPPORTS_MACCATALYST = NO;
				SUPPORTS_MAC_DESIGNED_FOR_IPHONE_IPAD = NO;
				SUPPORTS_XR_DESIGNED_FOR_IPHONE_IPAD = NO;
				SWIFT_EMIT_LOC_STRINGS = YES;
				SWIFT_VERSION = 5.0;
				TARGETED_DEVICE_FAMILY = 1;
			};
			name = Debug;
		};
		1232B3D22CD1D3DF00C48414 /* Release */ = {
			isa = XCBuildConfiguration;
			baseConfigurationReference = 12D2B6D22CD3F50F005CF771 /* Config.xcconfig */;
			buildSettings = {
				ASSETCATALOG_COMPILER_APPICON_NAME = AppIcon;
				ASSETCATALOG_COMPILER_GLOBAL_ACCENT_COLOR_NAME = AccentColor;
				CODE_SIGN_STYLE = Automatic;
				CURRENT_PROJECT_VERSION = 1;
				DEVELOPMENT_ASSET_PATHS = "\"BlueBerrySmoothie/Preview Content\"";
				DEVELOPMENT_TEAM = H54Z863265;
				ENABLE_PREVIEWS = YES;
				GENERATE_INFOPLIST_FILE = YES;
				INFOPLIST_FILE = BlueBerrySmoothie/Info.plist;
				INFOPLIST_KEY_CFBundleDisplayName = "핫챠";
				INFOPLIST_KEY_NSLocationAlwaysAndWhenInUseUsageDescription = "현재 위치를 기반으로 서비스 제공을 위해 위치 정보가 필요합니다.";
				INFOPLIST_KEY_NSLocationAlwaysUsageDescription = "앱이 백그라운드에서도 주변 장소를 보여주기 위해 위치 정보가 필요합니다.";
				INFOPLIST_KEY_NSLocationWhenInUseUsageDescription = "현재 위치를 기반으로 서비스 제공을 위해 위치 정보가 필요합니다.";
				INFOPLIST_KEY_UIApplicationSceneManifest_Generation = YES;
				INFOPLIST_KEY_UIApplicationSupportsIndirectInputEvents = YES;
				INFOPLIST_KEY_UILaunchScreen_Generation = YES;
				INFOPLIST_KEY_UISupportedInterfaceOrientations_iPad = "UIInterfaceOrientationPortrait UIInterfaceOrientationPortraitUpsideDown UIInterfaceOrientationLandscapeLeft UIInterfaceOrientationLandscapeRight";
				INFOPLIST_KEY_UISupportedInterfaceOrientations_iPhone = "UIInterfaceOrientationPortrait UIInterfaceOrientationLandscapeLeft UIInterfaceOrientationLandscapeRight";
				INFOPLIST_KEY_UIUserInterfaceStyle = Light;
				LD_RUNPATH_SEARCH_PATHS = (
					"$(inherited)",
					"@executable_path/Frameworks",
				);
				MARKETING_VERSION = 1.0;
				PRODUCT_BUNDLE_IDENTIFIER = com.team.blueberrySmoothie;
				PRODUCT_NAME = "$(TARGET_NAME)";
				SUPPORTED_PLATFORMS = "iphoneos iphonesimulator";
				SUPPORTS_MACCATALYST = NO;
				SUPPORTS_MAC_DESIGNED_FOR_IPHONE_IPAD = NO;
				SUPPORTS_XR_DESIGNED_FOR_IPHONE_IPAD = NO;
				SWIFT_EMIT_LOC_STRINGS = YES;
				SWIFT_VERSION = 5.0;
				TARGETED_DEVICE_FAMILY = 1;
			};
			name = Release;
		};
/* End XCBuildConfiguration section */

/* Begin XCConfigurationList section */
		1232B3A72CD1D3DE00C48414 /* Build configuration list for PBXProject "BlueberrySmoothie" */ = {
			isa = XCConfigurationList;
			buildConfigurations = (
				1232B3CE2CD1D3DF00C48414 /* Debug */,
				1232B3CF2CD1D3DF00C48414 /* Release */,
			);
			defaultConfigurationIsVisible = 0;
			defaultConfigurationName = Release;
		};
		1232B3D02CD1D3DF00C48414 /* Build configuration list for PBXNativeTarget "BlueBerrySmoothie" */ = {
			isa = XCConfigurationList;
			buildConfigurations = (
				1232B3D12CD1D3DF00C48414 /* Debug */,
				1232B3D22CD1D3DF00C48414 /* Release */,
			);
			defaultConfigurationIsVisible = 0;
			defaultConfigurationName = Release;
		};
/* End XCConfigurationList section */
	};
	rootObject = 1232B3A42CD1D3DE00C48414 /* Project object */;
}
